// !$*UTF8*$!
{
	archiveVersion = 1;
	classes = {
	};
	objectVersion = 50;
	objects = {

/* Begin PBXBuildFile section */
		630ED8C923ED0720004257BF /* DASubscribersCell.m in Sources */ = {isa = PBXBuildFile; fileRef = 630ED8C823ED0720004257BF /* DASubscribersCell.m */; };
		630F77E923D5C98E0071DF9F /* AAViewController.m in Sources */ = {isa = PBXBuildFile; fileRef = 630F77E823D5C98E0071DF9F /* AAViewController.m */; };
		63155EB623D80D92000762DA /* SelectionTableViewController.m in Sources */ = {isa = PBXBuildFile; fileRef = 63155E9923D80D92000762DA /* SelectionTableViewController.m */; };
		63155EB823D80D92000762DA /* EttsModelTableViewCell.m in Sources */ = {isa = PBXBuildFile; fileRef = 63155E9C23D80D92000762DA /* EttsModelTableViewCell.m */; };
		63155EB923D80D92000762DA /* TTSConfigViewController.m in Sources */ = {isa = PBXBuildFile; fileRef = 63155E9F23D80D92000762DA /* TTSConfigViewController.m */; };
		63155EBA23D80D92000762DA /* SwitchTableViewCell.m in Sources */ = {isa = PBXBuildFile; fileRef = 63155EA123D80D92000762DA /* SwitchTableViewCell.m */; };
		63155EBB23D80D92000762DA /* NavigationTableViewCell.m in Sources */ = {isa = PBXBuildFile; fileRef = 63155EA223D80D92000762DA /* NavigationTableViewCell.m */; };
		63155EBC23D80D92000762DA /* SelectionTableViewCell.m in Sources */ = {isa = PBXBuildFile; fileRef = 63155EA323D80D92000762DA /* SelectionTableViewCell.m */; };
		63155EBD23D80D92000762DA /* SliderTableViewCell.m in Sources */ = {isa = PBXBuildFile; fileRef = 63155EA423D80D92000762DA /* SliderTableViewCell.m */; };
		63155EBE23D80D92000762DA /* InputTableViewCell.m in Sources */ = {isa = PBXBuildFile; fileRef = 63155EA523D80D92000762DA /* InputTableViewCell.m */; };
		63155EBF23D80D92000762DA /* TTSMain.storyboard in Resources */ = {isa = PBXBuildFile; fileRef = 63155EAD23D80D92000762DA /* TTSMain.storyboard */; };
		63155EC023D80D92000762DA /* tts_text.txt in Resources */ = {isa = PBXBuildFile; fileRef = 63155EAE23D80D92000762DA /* tts_text.txt */; };
		6349E8EF23D19254009EEE99 /* libBaiduTTSSDK.a in Frameworks */ = {isa = PBXBuildFile; fileRef = 6349E8EE23D19254009EEE99 /* libBaiduTTSSDK.a */; };
		6349E8F123D19386009EEE99 /* libiconv.2.4.0.tbd in Frameworks */ = {isa = PBXBuildFile; fileRef = 6349E8F023D19386009EEE99 /* libiconv.2.4.0.tbd */; };
		639D125E23CF569300140B5C /* ACM.framework in Frameworks */ = {isa = PBXBuildFile; fileRef = 639D125D23CF569300140B5C /* ACM.framework */; };
		63A24F9623CDB0C600D2ADC4 /* libz.1.2.5.tbd in Frameworks */ = {isa = PBXBuildFile; fileRef = 63A24F9523CDB0C600D2ADC4 /* libz.1.2.5.tbd */; };
		63A24F9823CDB0D200D2ADC4 /* libsqlite3.0.tbd in Frameworks */ = {isa = PBXBuildFile; fileRef = 63A24F9723CDB0D200D2ADC4 /* libsqlite3.0.tbd */; };
		63A24F9A23CDB0F200D2ADC4 /* CFNetwork.framework in Frameworks */ = {isa = PBXBuildFile; fileRef = 63A24F9923CDB0F200D2ADC4 /* CFNetwork.framework */; };
		63A24F9C23CDB10600D2ADC4 /* CoreLocation.framework in Frameworks */ = {isa = PBXBuildFile; fileRef = 63A24F9B23CDB10600D2ADC4 /* CoreLocation.framework */; };
		63A24F9E23CDB12600D2ADC4 /* GLKit.framework in Frameworks */ = {isa = PBXBuildFile; fileRef = 63A24F9D23CDB12600D2ADC4 /* GLKit.framework */; };
		63A24FA023CDB18800D2ADC4 /* libBaiduSpeechSDK.a in Frameworks */ = {isa = PBXBuildFile; fileRef = 63A24F9F23CDB18800D2ADC4 /* libBaiduSpeechSDK.a */; };
		63A24FA223CDB64500D2ADC4 /* bds_easr_basic_model.dat in Resources */ = {isa = PBXBuildFile; fileRef = 63A24FA123CDB64500D2ADC4 /* bds_easr_basic_model.dat */; };
		63B356DD23BE67A80034F54B /* AppDelegate.m in Sources */ = {isa = PBXBuildFile; fileRef = 63B356DC23BE67A80034F54B /* AppDelegate.m */; };
		63B356E023BE67A80034F54B /* ViewController.m in Sources */ = {isa = PBXBuildFile; fileRef = 63B356DF23BE67A80034F54B /* ViewController.m */; };
		63B356E323BE67A80034F54B /* Main.storyboard in Resources */ = {isa = PBXBuildFile; fileRef = 63B356E123BE67A80034F54B /* Main.storyboard */; };
		63B356E523BE67A90034F54B /* Assets.xcassets in Resources */ = {isa = PBXBuildFile; fileRef = 63B356E423BE67A90034F54B /* Assets.xcassets */; };
		63B356E823BE67A90034F54B /* LaunchScreen.storyboard in Resources */ = {isa = PBXBuildFile; fileRef = 63B356E623BE67A90034F54B /* LaunchScreen.storyboard */; };
		63B356EB23BE67A90034F54B /* main.m in Sources */ = {isa = PBXBuildFile; fileRef = 63B356EA23BE67A90034F54B /* main.m */; };
		63B356F523BE67A90034F54B /* VoiceCallDemoTests.m in Sources */ = {isa = PBXBuildFile; fileRef = 63B356F423BE67A90034F54B /* VoiceCallDemoTests.m */; };
		63B3570023BE67A90034F54B /* VoiceCallDemoUITests.m in Sources */ = {isa = PBXBuildFile; fileRef = 63B356FF23BE67A90034F54B /* VoiceCallDemoUITests.m */; };
		63B3571823BE68450034F54B /* AgoraRtmKit.framework in Frameworks */ = {isa = PBXBuildFile; fileRef = 63B3571723BE68450034F54B /* AgoraRtmKit.framework */; };
		63B3571A23BE68760034F54B /* libc++.tbd in Frameworks */ = {isa = PBXBuildFile; fileRef = 63B3571923BE68760034F54B /* libc++.tbd */; };
		63B3571C23BE687E0034F54B /* libresolv.tbd in Frameworks */ = {isa = PBXBuildFile; fileRef = 63B3571B23BE687E0034F54B /* libresolv.tbd */; };
		63B3571E23BE68850034F54B /* SystemConfiguration.framework in Frameworks */ = {isa = PBXBuildFile; fileRef = 63B3571D23BE68850034F54B /* SystemConfiguration.framework */; };
		63B3572023BE688E0034F54B /* CoreTelephony.framework in Frameworks */ = {isa = PBXBuildFile; fileRef = 63B3571F23BE688E0034F54B /* CoreTelephony.framework */; };
		63B3573423BF316D0034F54B /* AgoraRtcEngineKit.framework in Frameworks */ = {isa = PBXBuildFile; fileRef = 63B3573323BF316D0034F54B /* AgoraRtcEngineKit.framework */; };
		63B3573623BF31790034F54B /* Accelerate.framework in Frameworks */ = {isa = PBXBuildFile; fileRef = 63B3573523BF31790034F54B /* Accelerate.framework */; };
		63B3573823BF31880034F54B /* AudioToolbox.framework in Frameworks */ = {isa = PBXBuildFile; fileRef = 63B3573723BF31880034F54B /* AudioToolbox.framework */; };
		63B3573A23BF31940034F54B /* AVFoundation.framework in Frameworks */ = {isa = PBXBuildFile; fileRef = 63B3573923BF31940034F54B /* AVFoundation.framework */; };
		63B3573C23BF31A30034F54B /* CoreMedia.framework in Frameworks */ = {isa = PBXBuildFile; fileRef = 63B3573B23BF31A30034F54B /* CoreMedia.framework */; };
		63B3573E23BF31AE0034F54B /* CoreML.framework in Frameworks */ = {isa = PBXBuildFile; fileRef = 63B3573D23BF31AE0034F54B /* CoreML.framework */; };
		63B3574023BF31C60034F54B /* VideoToolbox.framework in Frameworks */ = {isa = PBXBuildFile; fileRef = 63B3573F23BF31C60034F54B /* VideoToolbox.framework */; };
		63B357A223C48E9B0034F54B /* BasicViewController.m in Sources */ = {isa = PBXBuildFile; fileRef = 63B357A023C48E9B0034F54B /* BasicViewController.m */; };
		63C7B61A23EA96D900A374FF /* DAViewController.m in Sources */ = {isa = PBXBuildFile; fileRef = 63C7B61923EA96D900A374FF /* DAViewController.m */; };
		63C7B61D23EA9FBB00A374FF /* DialItemCell.m in Sources */ = {isa = PBXBuildFile; fileRef = 63C7B61C23EA9FBB00A374FF /* DialItemCell.m */; };
		63C7B62023EAB3CF00A374FF /* DAOperateCell.m in Sources */ = {isa = PBXBuildFile; fileRef = 63C7B61F23EAB3CF00A374FF /* DAOperateCell.m */; };
		63C7B62323EABE5C00A374FF /* DAItemDetailViewController.m in Sources */ = {isa = PBXBuildFile; fileRef = 63C7B62223EABE5C00A374FF /* DAItemDetailViewController.m */; };
		63C7B62723EAD00500A374FF /* DAItemOperationCell.m in Sources */ = {isa = PBXBuildFile; fileRef = 63C7B62623EAD00500A374FF /* DAItemOperationCell.m */; };
		63C7B62A23EAD03100A374FF /* DAItemDatetimeCell.m in Sources */ = {isa = PBXBuildFile; fileRef = 63C7B62923EAD03100A374FF /* DAItemDatetimeCell.m */; };
		63C7B62D23EAD05400A374FF /* DAItemContentCell.m in Sources */ = {isa = PBXBuildFile; fileRef = 63C7B62C23EAD05400A374FF /* DAItemContentCell.m */; };
/* End PBXBuildFile section */

/* Begin PBXContainerItemProxy section */
		63B356F123BE67A90034F54B /* PBXContainerItemProxy */ = {
			isa = PBXContainerItemProxy;
			containerPortal = 63B356D023BE67A80034F54B /* Project object */;
			proxyType = 1;
			remoteGlobalIDString = 63B356D723BE67A80034F54B;
			remoteInfo = VoiceCallDemo;
		};
		63B356FC23BE67A90034F54B /* PBXContainerItemProxy */ = {
			isa = PBXContainerItemProxy;
			containerPortal = 63B356D023BE67A80034F54B /* Project object */;
			proxyType = 1;
			remoteGlobalIDString = 63B356D723BE67A80034F54B;
			remoteInfo = VoiceCallDemo;
		};
/* End PBXContainerItemProxy section */

/* Begin PBXFileReference section */
		630ED8C723ED0714004257BF /* DASubscribersCell.h */ = {isa = PBXFileReference; lastKnownFileType = sourcecode.c.h; path = DASubscribersCell.h; sourceTree = "<group>"; };
		630ED8C823ED0720004257BF /* DASubscribersCell.m */ = {isa = PBXFileReference; lastKnownFileType = sourcecode.c.objc; path = DASubscribersCell.m; sourceTree = "<group>"; };
		630F77E723D5C9730071DF9F /* AAViewController.h */ = {isa = PBXFileReference; lastKnownFileType = sourcecode.c.h; path = AAViewController.h; sourceTree = "<group>"; };
		630F77E823D5C98E0071DF9F /* AAViewController.m */ = {isa = PBXFileReference; lastKnownFileType = sourcecode.c.objc; path = AAViewController.m; sourceTree = "<group>"; };
		63155E9923D80D92000762DA /* SelectionTableViewController.m */ = {isa = PBXFileReference; fileEncoding = 4; lastKnownFileType = sourcecode.c.objc; path = SelectionTableViewController.m; sourceTree = "<group>"; };
		63155E9C23D80D92000762DA /* EttsModelTableViewCell.m */ = {isa = PBXFileReference; fileEncoding = 4; lastKnownFileType = sourcecode.c.objc; path = EttsModelTableViewCell.m; sourceTree = "<group>"; };
		63155E9E23D80D92000762DA /* EttsModelTableViewCell.h */ = {isa = PBXFileReference; fileEncoding = 4; lastKnownFileType = sourcecode.c.h; path = EttsModelTableViewCell.h; sourceTree = "<group>"; };
		63155E9F23D80D92000762DA /* TTSConfigViewController.m */ = {isa = PBXFileReference; fileEncoding = 4; lastKnownFileType = sourcecode.c.objc; path = TTSConfigViewController.m; sourceTree = "<group>"; };
		63155EA123D80D92000762DA /* SwitchTableViewCell.m */ = {isa = PBXFileReference; fileEncoding = 4; lastKnownFileType = sourcecode.c.objc; path = SwitchTableViewCell.m; sourceTree = "<group>"; };
		63155EA223D80D92000762DA /* NavigationTableViewCell.m */ = {isa = PBXFileReference; fileEncoding = 4; lastKnownFileType = sourcecode.c.objc; path = NavigationTableViewCell.m; sourceTree = "<group>"; };
		63155EA323D80D92000762DA /* SelectionTableViewCell.m */ = {isa = PBXFileReference; fileEncoding = 4; lastKnownFileType = sourcecode.c.objc; path = SelectionTableViewCell.m; sourceTree = "<group>"; };
		63155EA423D80D92000762DA /* SliderTableViewCell.m */ = {isa = PBXFileReference; fileEncoding = 4; lastKnownFileType = sourcecode.c.objc; path = SliderTableViewCell.m; sourceTree = "<group>"; };
		63155EA523D80D92000762DA /* InputTableViewCell.m */ = {isa = PBXFileReference; fileEncoding = 4; lastKnownFileType = sourcecode.c.objc; path = InputTableViewCell.m; sourceTree = "<group>"; };
		63155EA623D80D92000762DA /* NavigationTableViewCell.h */ = {isa = PBXFileReference; fileEncoding = 4; lastKnownFileType = sourcecode.c.h; path = NavigationTableViewCell.h; sourceTree = "<group>"; };
		63155EA723D80D92000762DA /* SwitchTableViewCell.h */ = {isa = PBXFileReference; fileEncoding = 4; lastKnownFileType = sourcecode.c.h; path = SwitchTableViewCell.h; sourceTree = "<group>"; };
		63155EA823D80D92000762DA /* SliderTableViewCell.h */ = {isa = PBXFileReference; fileEncoding = 4; lastKnownFileType = sourcecode.c.h; path = SliderTableViewCell.h; sourceTree = "<group>"; };
		63155EA923D80D92000762DA /* SelectionTableViewCell.h */ = {isa = PBXFileReference; fileEncoding = 4; lastKnownFileType = sourcecode.c.h; path = SelectionTableViewCell.h; sourceTree = "<group>"; };
		63155EAA23D80D92000762DA /* InputTableViewCell.h */ = {isa = PBXFileReference; fileEncoding = 4; lastKnownFileType = sourcecode.c.h; path = InputTableViewCell.h; sourceTree = "<group>"; };
		63155EAB23D80D92000762DA /* SelectionTableViewController.h */ = {isa = PBXFileReference; fileEncoding = 4; lastKnownFileType = sourcecode.c.h; path = SelectionTableViewController.h; sourceTree = "<group>"; };
		63155EAC23D80D92000762DA /* TTSConfigViewController.h */ = {isa = PBXFileReference; fileEncoding = 4; lastKnownFileType = sourcecode.c.h; path = TTSConfigViewController.h; sourceTree = "<group>"; };
		63155EAD23D80D92000762DA /* TTSMain.storyboard */ = {isa = PBXFileReference; fileEncoding = 4; lastKnownFileType = file.storyboard; path = TTSMain.storyboard; sourceTree = "<group>"; };
		63155EAE23D80D92000762DA /* tts_text.txt */ = {isa = PBXFileReference; fileEncoding = 4; lastKnownFileType = text; path = tts_text.txt; sourceTree = "<group>"; };
		6349E8EE23D19254009EEE99 /* libBaiduTTSSDK.a */ = {isa = PBXFileReference; lastKnownFileType = archive.ar; name = libBaiduTTSSDK.a; path = libs/libBaiduTTSSDK.a; sourceTree = "<group>"; };
		6349E8F023D19386009EEE99 /* libiconv.2.4.0.tbd */ = {isa = PBXFileReference; lastKnownFileType = "sourcecode.text-based-dylib-definition"; name = libiconv.2.4.0.tbd; path = usr/lib/libiconv.2.4.0.tbd; sourceTree = SDKROOT; };
		639D125B23CF565B00140B5C /* ACM.framework */ = {isa = PBXFileReference; lastKnownFileType = wrapper.framework; path = ACM.framework; sourceTree = "<group>"; };
		639D125D23CF569300140B5C /* ACM.framework */ = {isa = PBXFileReference; lastKnownFileType = wrapper.framework; path = ACM.framework; sourceTree = "<group>"; };
		63A24F9523CDB0C600D2ADC4 /* libz.1.2.5.tbd */ = {isa = PBXFileReference; lastKnownFileType = "sourcecode.text-based-dylib-definition"; name = libz.1.2.5.tbd; path = usr/lib/libz.1.2.5.tbd; sourceTree = SDKROOT; };
		63A24F9723CDB0D200D2ADC4 /* libsqlite3.0.tbd */ = {isa = PBXFileReference; lastKnownFileType = "sourcecode.text-based-dylib-definition"; name = libsqlite3.0.tbd; path = usr/lib/libsqlite3.0.tbd; sourceTree = SDKROOT; };
		63A24F9923CDB0F200D2ADC4 /* CFNetwork.framework */ = {isa = PBXFileReference; lastKnownFileType = wrapper.framework; name = CFNetwork.framework; path = System/Library/Frameworks/CFNetwork.framework; sourceTree = SDKROOT; };
		63A24F9B23CDB10600D2ADC4 /* CoreLocation.framework */ = {isa = PBXFileReference; lastKnownFileType = wrapper.framework; name = CoreLocation.framework; path = System/Library/Frameworks/CoreLocation.framework; sourceTree = SDKROOT; };
		63A24F9D23CDB12600D2ADC4 /* GLKit.framework */ = {isa = PBXFileReference; lastKnownFileType = wrapper.framework; name = GLKit.framework; path = System/Library/Frameworks/GLKit.framework; sourceTree = SDKROOT; };
		63A24F9F23CDB18800D2ADC4 /* libBaiduSpeechSDK.a */ = {isa = PBXFileReference; lastKnownFileType = archive.ar; name = libBaiduSpeechSDK.a; path = libs/libBaiduSpeechSDK.a; sourceTree = "<group>"; };
		63A24FA123CDB64500D2ADC4 /* bds_easr_basic_model.dat */ = {isa = PBXFileReference; lastKnownFileType = file; name = bds_easr_basic_model.dat; path = libs/bds_easr_basic_model.dat; sourceTree = "<group>"; };
		63B356D823BE67A80034F54B /* VoiceCallDemo.app */ = {isa = PBXFileReference; explicitFileType = wrapper.application; includeInIndex = 0; path = VoiceCallDemo.app; sourceTree = BUILT_PRODUCTS_DIR; };
		63B356DB23BE67A80034F54B /* AppDelegate.h */ = {isa = PBXFileReference; lastKnownFileType = sourcecode.c.h; path = AppDelegate.h; sourceTree = "<group>"; };
		63B356DC23BE67A80034F54B /* AppDelegate.m */ = {isa = PBXFileReference; lastKnownFileType = sourcecode.c.objc; path = AppDelegate.m; sourceTree = "<group>"; };
		63B356DE23BE67A80034F54B /* ViewController.h */ = {isa = PBXFileReference; lastKnownFileType = sourcecode.c.h; path = ViewController.h; sourceTree = "<group>"; };
		63B356DF23BE67A80034F54B /* ViewController.m */ = {isa = PBXFileReference; lastKnownFileType = sourcecode.c.objc; path = ViewController.m; sourceTree = "<group>"; };
		63B356E223BE67A80034F54B /* Base */ = {isa = PBXFileReference; lastKnownFileType = file.storyboard; name = Base; path = Base.lproj/Main.storyboard; sourceTree = "<group>"; };
		63B356E423BE67A90034F54B /* Assets.xcassets */ = {isa = PBXFileReference; lastKnownFileType = folder.assetcatalog; path = Assets.xcassets; sourceTree = "<group>"; };
		63B356E723BE67A90034F54B /* Base */ = {isa = PBXFileReference; lastKnownFileType = file.storyboard; name = Base; path = Base.lproj/LaunchScreen.storyboard; sourceTree = "<group>"; };
		63B356E923BE67A90034F54B /* Info.plist */ = {isa = PBXFileReference; lastKnownFileType = text.plist.xml; path = Info.plist; sourceTree = "<group>"; };
		63B356EA23BE67A90034F54B /* main.m */ = {isa = PBXFileReference; lastKnownFileType = sourcecode.c.objc; path = main.m; sourceTree = "<group>"; };
		63B356F023BE67A90034F54B /* VoiceCallDemoTests.xctest */ = {isa = PBXFileReference; explicitFileType = wrapper.cfbundle; includeInIndex = 0; path = VoiceCallDemoTests.xctest; sourceTree = BUILT_PRODUCTS_DIR; };
		63B356F423BE67A90034F54B /* VoiceCallDemoTests.m */ = {isa = PBXFileReference; lastKnownFileType = sourcecode.c.objc; path = VoiceCallDemoTests.m; sourceTree = "<group>"; };
		63B356F623BE67A90034F54B /* Info.plist */ = {isa = PBXFileReference; lastKnownFileType = text.plist.xml; path = Info.plist; sourceTree = "<group>"; };
		63B356FB23BE67A90034F54B /* VoiceCallDemoUITests.xctest */ = {isa = PBXFileReference; explicitFileType = wrapper.cfbundle; includeInIndex = 0; path = VoiceCallDemoUITests.xctest; sourceTree = BUILT_PRODUCTS_DIR; };
		63B356FF23BE67A90034F54B /* VoiceCallDemoUITests.m */ = {isa = PBXFileReference; lastKnownFileType = sourcecode.c.objc; path = VoiceCallDemoUITests.m; sourceTree = "<group>"; };
		63B3570123BE67A90034F54B /* Info.plist */ = {isa = PBXFileReference; lastKnownFileType = text.plist.xml; path = Info.plist; sourceTree = "<group>"; };
		63B3571723BE68450034F54B /* AgoraRtmKit.framework */ = {isa = PBXFileReference; lastKnownFileType = wrapper.framework; name = AgoraRtmKit.framework; path = libs/AgoraRtmKit.framework; sourceTree = "<group>"; };
		63B3571923BE68760034F54B /* libc++.tbd */ = {isa = PBXFileReference; lastKnownFileType = "sourcecode.text-based-dylib-definition"; name = "libc++.tbd"; path = "usr/lib/libc++.tbd"; sourceTree = SDKROOT; };
		63B3571B23BE687E0034F54B /* libresolv.tbd */ = {isa = PBXFileReference; lastKnownFileType = "sourcecode.text-based-dylib-definition"; name = libresolv.tbd; path = usr/lib/libresolv.tbd; sourceTree = SDKROOT; };
		63B3571D23BE68850034F54B /* SystemConfiguration.framework */ = {isa = PBXFileReference; lastKnownFileType = wrapper.framework; name = SystemConfiguration.framework; path = System/Library/Frameworks/SystemConfiguration.framework; sourceTree = SDKROOT; };
		63B3571F23BE688E0034F54B /* CoreTelephony.framework */ = {isa = PBXFileReference; lastKnownFileType = wrapper.framework; name = CoreTelephony.framework; path = System/Library/Frameworks/CoreTelephony.framework; sourceTree = SDKROOT; };
		63B3573323BF316D0034F54B /* AgoraRtcEngineKit.framework */ = {isa = PBXFileReference; lastKnownFileType = wrapper.framework; name = AgoraRtcEngineKit.framework; path = ../Demo/Demo/libs/AgoraRtcEngineKit.framework; sourceTree = "<group>"; };
		63B3573523BF31790034F54B /* Accelerate.framework */ = {isa = PBXFileReference; lastKnownFileType = wrapper.framework; name = Accelerate.framework; path = System/Library/Frameworks/Accelerate.framework; sourceTree = SDKROOT; };
		63B3573723BF31880034F54B /* AudioToolbox.framework */ = {isa = PBXFileReference; lastKnownFileType = wrapper.framework; name = AudioToolbox.framework; path = System/Library/Frameworks/AudioToolbox.framework; sourceTree = SDKROOT; };
		63B3573923BF31940034F54B /* AVFoundation.framework */ = {isa = PBXFileReference; lastKnownFileType = wrapper.framework; name = AVFoundation.framework; path = System/Library/Frameworks/AVFoundation.framework; sourceTree = SDKROOT; };
		63B3573B23BF31A30034F54B /* CoreMedia.framework */ = {isa = PBXFileReference; lastKnownFileType = wrapper.framework; name = CoreMedia.framework; path = System/Library/Frameworks/CoreMedia.framework; sourceTree = SDKROOT; };
		63B3573D23BF31AE0034F54B /* CoreML.framework */ = {isa = PBXFileReference; lastKnownFileType = wrapper.framework; name = CoreML.framework; path = System/Library/Frameworks/CoreML.framework; sourceTree = SDKROOT; };
		63B3573F23BF31C60034F54B /* VideoToolbox.framework */ = {isa = PBXFileReference; lastKnownFileType = wrapper.framework; name = VideoToolbox.framework; path = System/Library/Frameworks/VideoToolbox.framework; sourceTree = SDKROOT; };
		63B357A023C48E9B0034F54B /* BasicViewController.m */ = {isa = PBXFileReference; fileEncoding = 4; lastKnownFileType = sourcecode.c.objc; path = BasicViewController.m; sourceTree = "<group>"; };
		63B357A123C48E9B0034F54B /* BasicViewController.h */ = {isa = PBXFileReference; fileEncoding = 4; lastKnownFileType = sourcecode.c.h; path = BasicViewController.h; sourceTree = "<group>"; };
		63B357AF23C5A8430034F54B /* VoiceCallDemo.entitlements */ = {isa = PBXFileReference; lastKnownFileType = text.plist.entitlements; path = VoiceCallDemo.entitlements; sourceTree = "<group>"; };
		63C7B61823EA96BF00A374FF /* DAViewController.h */ = {isa = PBXFileReference; lastKnownFileType = sourcecode.c.h; path = DAViewController.h; sourceTree = "<group>"; };
		63C7B61923EA96D900A374FF /* DAViewController.m */ = {isa = PBXFileReference; lastKnownFileType = sourcecode.c.objc; path = DAViewController.m; sourceTree = "<group>"; };
		63C7B61B23EA9FAB00A374FF /* DialItemCell.h */ = {isa = PBXFileReference; lastKnownFileType = sourcecode.c.h; path = DialItemCell.h; sourceTree = "<group>"; };
		63C7B61C23EA9FBB00A374FF /* DialItemCell.m */ = {isa = PBXFileReference; lastKnownFileType = sourcecode.c.objc; path = DialItemCell.m; sourceTree = "<group>"; };
		63C7B61E23EAB3C100A374FF /* DAOperateCell.h */ = {isa = PBXFileReference; lastKnownFileType = sourcecode.c.h; path = DAOperateCell.h; sourceTree = "<group>"; };
		63C7B61F23EAB3CF00A374FF /* DAOperateCell.m */ = {isa = PBXFileReference; lastKnownFileType = sourcecode.c.objc; path = DAOperateCell.m; sourceTree = "<group>"; };
		63C7B62123EABE5100A374FF /* DAItemDetailViewController.h */ = {isa = PBXFileReference; lastKnownFileType = sourcecode.c.h; path = DAItemDetailViewController.h; sourceTree = "<group>"; };
		63C7B62223EABE5C00A374FF /* DAItemDetailViewController.m */ = {isa = PBXFileReference; lastKnownFileType = sourcecode.c.objc; path = DAItemDetailViewController.m; sourceTree = "<group>"; };
		63C7B62523EACFF900A374FF /* DAItemOperationCell.h */ = {isa = PBXFileReference; lastKnownFileType = sourcecode.c.h; path = DAItemOperationCell.h; sourceTree = "<group>"; };
		63C7B62623EAD00500A374FF /* DAItemOperationCell.m */ = {isa = PBXFileReference; lastKnownFileType = sourcecode.c.objc; path = DAItemOperationCell.m; sourceTree = "<group>"; };
		63C7B62823EAD02700A374FF /* DAItemDatetimeCell.h */ = {isa = PBXFileReference; lastKnownFileType = sourcecode.c.h; path = DAItemDatetimeCell.h; sourceTree = "<group>"; };
		63C7B62923EAD03100A374FF /* DAItemDatetimeCell.m */ = {isa = PBXFileReference; lastKnownFileType = sourcecode.c.objc; path = DAItemDatetimeCell.m; sourceTree = "<group>"; };
		63C7B62B23EAD04800A374FF /* DAItemContentCell.h */ = {isa = PBXFileReference; lastKnownFileType = sourcecode.c.h; path = DAItemContentCell.h; sourceTree = "<group>"; };
		63C7B62C23EAD05400A374FF /* DAItemContentCell.m */ = {isa = PBXFileReference; lastKnownFileType = sourcecode.c.objc; path = DAItemContentCell.m; sourceTree = "<group>"; };
/* End PBXFileReference section */

/* Begin PBXFrameworksBuildPhase section */
		63B356D523BE67A80034F54B /* Frameworks */ = {
			isa = PBXFrameworksBuildPhase;
			buildActionMask = 2147483647;
			files = (
				6349E8F123D19386009EEE99 /* libiconv.2.4.0.tbd in Frameworks */,
				63A24F9E23CDB12600D2ADC4 /* GLKit.framework in Frameworks */,
				63A24FA023CDB18800D2ADC4 /* libBaiduSpeechSDK.a in Frameworks */,
				63A24F9C23CDB10600D2ADC4 /* CoreLocation.framework in Frameworks */,
				63A24F9A23CDB0F200D2ADC4 /* CFNetwork.framework in Frameworks */,
				63A24F9823CDB0D200D2ADC4 /* libsqlite3.0.tbd in Frameworks */,
				63A24F9623CDB0C600D2ADC4 /* libz.1.2.5.tbd in Frameworks */,
				63B3574023BF31C60034F54B /* VideoToolbox.framework in Frameworks */,
				63B3573E23BF31AE0034F54B /* CoreML.framework in Frameworks */,
				63B3573C23BF31A30034F54B /* CoreMedia.framework in Frameworks */,
				639D125E23CF569300140B5C /* ACM.framework in Frameworks */,
				63B3573A23BF31940034F54B /* AVFoundation.framework in Frameworks */,
				63B3573823BF31880034F54B /* AudioToolbox.framework in Frameworks */,
				63B3573623BF31790034F54B /* Accelerate.framework in Frameworks */,
				63B3573423BF316D0034F54B /* AgoraRtcEngineKit.framework in Frameworks */,
				63B3572023BE688E0034F54B /* CoreTelephony.framework in Frameworks */,
				63B3571E23BE68850034F54B /* SystemConfiguration.framework in Frameworks */,
				6349E8EF23D19254009EEE99 /* libBaiduTTSSDK.a in Frameworks */,
				63B3571C23BE687E0034F54B /* libresolv.tbd in Frameworks */,
				63B3571A23BE68760034F54B /* libc++.tbd in Frameworks */,
				63B3571823BE68450034F54B /* AgoraRtmKit.framework in Frameworks */,
			);
			runOnlyForDeploymentPostprocessing = 0;
		};
		63B356ED23BE67A90034F54B /* Frameworks */ = {
			isa = PBXFrameworksBuildPhase;
			buildActionMask = 2147483647;
			files = (
			);
			runOnlyForDeploymentPostprocessing = 0;
		};
		63B356F823BE67A90034F54B /* Frameworks */ = {
			isa = PBXFrameworksBuildPhase;
			buildActionMask = 2147483647;
			files = (
			);
			runOnlyForDeploymentPostprocessing = 0;
		};
/* End PBXFrameworksBuildPhase section */

/* Begin PBXGroup section */
		630F77E023D5C4E80071DF9F /* AnswerAssistant */ = {
			isa = PBXGroup;
			children = (
				630F77E723D5C9730071DF9F /* AAViewController.h */,
				630F77E823D5C98E0071DF9F /* AAViewController.m */,
			);
			path = AnswerAssistant;
			sourceTree = "<group>";
		};
		63155E9723D80D92000762DA /* TTS */ = {
			isa = PBXGroup;
			children = (
				63155E9823D80D92000762DA /* Configurations */,
				63155EAD23D80D92000762DA /* TTSMain.storyboard */,
				63155EAE23D80D92000762DA /* tts_text.txt */,
			);
			name = TTS;
			path = VoiceCallDemo/TTS;
			sourceTree = "<group>";
		};
		63155E9823D80D92000762DA /* Configurations */ = {
			isa = PBXGroup;
			children = (
				63155E9A23D80D92000762DA /* EttsModelManager */,
				63155EA023D80D92000762DA /* TableViewCells */,
				63155EAB23D80D92000762DA /* SelectionTableViewController.h */,
				63155E9923D80D92000762DA /* SelectionTableViewController.m */,
				63155E9F23D80D92000762DA /* TTSConfigViewController.m */,
				63155EAC23D80D92000762DA /* TTSConfigViewController.h */,
			);
			path = Configurations;
			sourceTree = "<group>";
		};
		63155E9A23D80D92000762DA /* EttsModelManager */ = {
			isa = PBXGroup;
			children = (
				63155E9C23D80D92000762DA /* EttsModelTableViewCell.m */,
				63155E9E23D80D92000762DA /* EttsModelTableViewCell.h */,
			);
			path = EttsModelManager;
			sourceTree = "<group>";
		};
		63155EA023D80D92000762DA /* TableViewCells */ = {
			isa = PBXGroup;
			children = (
				63155EA123D80D92000762DA /* SwitchTableViewCell.m */,
				63155EA223D80D92000762DA /* NavigationTableViewCell.m */,
				63155EA323D80D92000762DA /* SelectionTableViewCell.m */,
				63155EA423D80D92000762DA /* SliderTableViewCell.m */,
				63155EA523D80D92000762DA /* InputTableViewCell.m */,
				63155EA623D80D92000762DA /* NavigationTableViewCell.h */,
				63155EA723D80D92000762DA /* SwitchTableViewCell.h */,
				63155EA823D80D92000762DA /* SliderTableViewCell.h */,
				63155EA923D80D92000762DA /* SelectionTableViewCell.h */,
				63155EAA23D80D92000762DA /* InputTableViewCell.h */,
			);
			path = TableViewCells;
			sourceTree = "<group>";
		};
		63B356CF23BE67A80034F54B = {
			isa = PBXGroup;
			children = (
				63C7B61723EA960600A374FF /* DialAssistant */,
				63155E9723D80D92000762DA /* TTS */,
				630F77E023D5C4E80071DF9F /* AnswerAssistant */,
				6349E8EE23D19254009EEE99 /* libBaiduTTSSDK.a */,
				639D125D23CF569300140B5C /* ACM.framework */,
				63A24FA123CDB64500D2ADC4 /* bds_easr_basic_model.dat */,
				63A24F9F23CDB18800D2ADC4 /* libBaiduSpeechSDK.a */,
				63B356DA23BE67A80034F54B /* VoiceCallDemo */,
				63B356F323BE67A90034F54B /* VoiceCallDemoTests */,
				63B356FE23BE67A90034F54B /* VoiceCallDemoUITests */,
				63B356D923BE67A80034F54B /* Products */,
				63B3571623BE68450034F54B /* Frameworks */,
			);
			sourceTree = "<group>";
		};
		63B356D923BE67A80034F54B /* Products */ = {
			isa = PBXGroup;
			children = (
				63B356D823BE67A80034F54B /* VoiceCallDemo.app */,
				63B356F023BE67A90034F54B /* VoiceCallDemoTests.xctest */,
				63B356FB23BE67A90034F54B /* VoiceCallDemoUITests.xctest */,
			);
			name = Products;
			sourceTree = "<group>";
		};
		63B356DA23BE67A80034F54B /* VoiceCallDemo */ = {
			isa = PBXGroup;
			children = (
				63B357AF23C5A8430034F54B /* VoiceCallDemo.entitlements */,
				63B357A123C48E9B0034F54B /* BasicViewController.h */,
				63B357A023C48E9B0034F54B /* BasicViewController.m */,
				63B356DB23BE67A80034F54B /* AppDelegate.h */,
				63B356DC23BE67A80034F54B /* AppDelegate.m */,
				63B356DE23BE67A80034F54B /* ViewController.h */,
				63B356DF23BE67A80034F54B /* ViewController.m */,
				63B356E123BE67A80034F54B /* Main.storyboard */,
				63B356E423BE67A90034F54B /* Assets.xcassets */,
				63B356E623BE67A90034F54B /* LaunchScreen.storyboard */,
				63B356E923BE67A90034F54B /* Info.plist */,
				63B356EA23BE67A90034F54B /* main.m */,
			);
			path = VoiceCallDemo;
			sourceTree = "<group>";
		};
		63B356F323BE67A90034F54B /* VoiceCallDemoTests */ = {
			isa = PBXGroup;
			children = (
				63B356F423BE67A90034F54B /* VoiceCallDemoTests.m */,
				63B356F623BE67A90034F54B /* Info.plist */,
			);
			path = VoiceCallDemoTests;
			sourceTree = "<group>";
		};
		63B356FE23BE67A90034F54B /* VoiceCallDemoUITests */ = {
			isa = PBXGroup;
			children = (
				63B356FF23BE67A90034F54B /* VoiceCallDemoUITests.m */,
				63B3570123BE67A90034F54B /* Info.plist */,
			);
			path = VoiceCallDemoUITests;
			sourceTree = "<group>";
		};
		63B3571623BE68450034F54B /* Frameworks */ = {
			isa = PBXGroup;
			children = (
				6349E8F023D19386009EEE99 /* libiconv.2.4.0.tbd */,
				639D125B23CF565B00140B5C /* ACM.framework */,
				63A24F9D23CDB12600D2ADC4 /* GLKit.framework */,
				63A24F9B23CDB10600D2ADC4 /* CoreLocation.framework */,
				63A24F9923CDB0F200D2ADC4 /* CFNetwork.framework */,
				63A24F9723CDB0D200D2ADC4 /* libsqlite3.0.tbd */,
				63A24F9523CDB0C600D2ADC4 /* libz.1.2.5.tbd */,
				63B3573F23BF31C60034F54B /* VideoToolbox.framework */,
				63B3573D23BF31AE0034F54B /* CoreML.framework */,
				63B3573B23BF31A30034F54B /* CoreMedia.framework */,
				63B3573923BF31940034F54B /* AVFoundation.framework */,
				63B3573723BF31880034F54B /* AudioToolbox.framework */,
				63B3573523BF31790034F54B /* Accelerate.framework */,
				63B3573323BF316D0034F54B /* AgoraRtcEngineKit.framework */,
				63B3571F23BE688E0034F54B /* CoreTelephony.framework */,
				63B3571D23BE68850034F54B /* SystemConfiguration.framework */,
				63B3571B23BE687E0034F54B /* libresolv.tbd */,
				63B3571923BE68760034F54B /* libc++.tbd */,
				63B3571723BE68450034F54B /* AgoraRtmKit.framework */,
			);
			name = Frameworks;
			sourceTree = "<group>";
		};
		63C7B61723EA960600A374FF /* DialAssistant */ = {
			isa = PBXGroup;
			children = (
				63C7B62423EACFA400A374FF /* DAItem */,
				63C7B61823EA96BF00A374FF /* DAViewController.h */,
				63C7B61923EA96D900A374FF /* DAViewController.m */,
				63C7B61B23EA9FAB00A374FF /* DialItemCell.h */,
				63C7B61C23EA9FBB00A374FF /* DialItemCell.m */,
				63C7B61E23EAB3C100A374FF /* DAOperateCell.h */,
				63C7B61F23EAB3CF00A374FF /* DAOperateCell.m */,
			);
			path = DialAssistant;
			sourceTree = "<group>";
		};
		63C7B62423EACFA400A374FF /* DAItem */ = {
			isa = PBXGroup;
			children = (
				63C7B62123EABE5100A374FF /* DAItemDetailViewController.h */,
				63C7B62223EABE5C00A374FF /* DAItemDetailViewController.m */,
				63C7B62523EACFF900A374FF /* DAItemOperationCell.h */,
				63C7B62623EAD00500A374FF /* DAItemOperationCell.m */,
				63C7B62823EAD02700A374FF /* DAItemDatetimeCell.h */,
				63C7B62923EAD03100A374FF /* DAItemDatetimeCell.m */,
				63C7B62B23EAD04800A374FF /* DAItemContentCell.h */,
				63C7B62C23EAD05400A374FF /* DAItemContentCell.m */,
				630ED8C723ED0714004257BF /* DASubscribersCell.h */,
				630ED8C823ED0720004257BF /* DASubscribersCell.m */,
			);
			path = DAItem;
			sourceTree = "<group>";
		};
/* End PBXGroup section */

/* Begin PBXNativeTarget section */
		63B356D723BE67A80034F54B /* VoiceCallDemo */ = {
			isa = PBXNativeTarget;
			buildConfigurationList = 63B3570423BE67A90034F54B /* Build configuration list for PBXNativeTarget "VoiceCallDemo" */;
			buildPhases = (
				63B356D423BE67A80034F54B /* Sources */,
				63B356D523BE67A80034F54B /* Frameworks */,
				63B356D623BE67A80034F54B /* Resources */,
			);
			buildRules = (
			);
			dependencies = (
			);
			name = VoiceCallDemo;
			productName = VoiceCallDemo;
			productReference = 63B356D823BE67A80034F54B /* VoiceCallDemo.app */;
			productType = "com.apple.product-type.application";
		};
		63B356EF23BE67A90034F54B /* VoiceCallDemoTests */ = {
			isa = PBXNativeTarget;
			buildConfigurationList = 63B3570723BE67A90034F54B /* Build configuration list for PBXNativeTarget "VoiceCallDemoTests" */;
			buildPhases = (
				63B356EC23BE67A90034F54B /* Sources */,
				63B356ED23BE67A90034F54B /* Frameworks */,
				63B356EE23BE67A90034F54B /* Resources */,
			);
			buildRules = (
			);
			dependencies = (
				63B356F223BE67A90034F54B /* PBXTargetDependency */,
			);
			name = VoiceCallDemoTests;
			productName = VoiceCallDemoTests;
			productReference = 63B356F023BE67A90034F54B /* VoiceCallDemoTests.xctest */;
			productType = "com.apple.product-type.bundle.unit-test";
		};
		63B356FA23BE67A90034F54B /* VoiceCallDemoUITests */ = {
			isa = PBXNativeTarget;
			buildConfigurationList = 63B3570A23BE67A90034F54B /* Build configuration list for PBXNativeTarget "VoiceCallDemoUITests" */;
			buildPhases = (
				63B356F723BE67A90034F54B /* Sources */,
				63B356F823BE67A90034F54B /* Frameworks */,
				63B356F923BE67A90034F54B /* Resources */,
			);
			buildRules = (
			);
			dependencies = (
				63B356FD23BE67A90034F54B /* PBXTargetDependency */,
			);
			name = VoiceCallDemoUITests;
			productName = VoiceCallDemoUITests;
			productReference = 63B356FB23BE67A90034F54B /* VoiceCallDemoUITests.xctest */;
			productType = "com.apple.product-type.bundle.ui-testing";
		};
/* End PBXNativeTarget section */

/* Begin PBXProject section */
		63B356D023BE67A80034F54B /* Project object */ = {
			isa = PBXProject;
			attributes = {
				LastUpgradeCheck = 1020;
				ORGANIZATIONNAME = genetek;
				TargetAttributes = {
					63B356D723BE67A80034F54B = {
						CreatedOnToolsVersion = 10.2.1;
						SystemCapabilities = {
							com.apple.BackgroundModes = {
								enabled = 1;
							};
							com.apple.Push = {
								enabled = 1;
							};
						};
					};
					63B356EF23BE67A90034F54B = {
						CreatedOnToolsVersion = 10.2.1;
						TestTargetID = 63B356D723BE67A80034F54B;
					};
					63B356FA23BE67A90034F54B = {
						CreatedOnToolsVersion = 10.2.1;
						TestTargetID = 63B356D723BE67A80034F54B;
					};
				};
			};
			buildConfigurationList = 63B356D323BE67A80034F54B /* Build configuration list for PBXProject "VoiceCallDemo" */;
			compatibilityVersion = "Xcode 9.3";
			developmentRegion = en;
			hasScannedForEncodings = 0;
			knownRegions = (
				en,
				Base,
			);
			mainGroup = 63B356CF23BE67A80034F54B;
			productRefGroup = 63B356D923BE67A80034F54B /* Products */;
			projectDirPath = "";
			projectRoot = "";
			targets = (
				63B356D723BE67A80034F54B /* VoiceCallDemo */,
				63B356EF23BE67A90034F54B /* VoiceCallDemoTests */,
				63B356FA23BE67A90034F54B /* VoiceCallDemoUITests */,
			);
		};
/* End PBXProject section */

/* Begin PBXResourcesBuildPhase section */
		63B356D623BE67A80034F54B /* Resources */ = {
			isa = PBXResourcesBuildPhase;
			buildActionMask = 2147483647;
			files = (
				63155EBF23D80D92000762DA /* TTSMain.storyboard in Resources */,
				63B356E823BE67A90034F54B /* LaunchScreen.storyboard in Resources */,
				63B356E523BE67A90034F54B /* Assets.xcassets in Resources */,
				63155EC023D80D92000762DA /* tts_text.txt in Resources */,
				63B356E323BE67A80034F54B /* Main.storyboard in Resources */,
				63A24FA223CDB64500D2ADC4 /* bds_easr_basic_model.dat in Resources */,
			);
			runOnlyForDeploymentPostprocessing = 0;
		};
		63B356EE23BE67A90034F54B /* Resources */ = {
			isa = PBXResourcesBuildPhase;
			buildActionMask = 2147483647;
			files = (
			);
			runOnlyForDeploymentPostprocessing = 0;
		};
		63B356F923BE67A90034F54B /* Resources */ = {
			isa = PBXResourcesBuildPhase;
			buildActionMask = 2147483647;
			files = (
			);
			runOnlyForDeploymentPostprocessing = 0;
		};
/* End PBXResourcesBuildPhase section */

/* Begin PBXSourcesBuildPhase section */
		63B356D423BE67A80034F54B /* Sources */ = {
			isa = PBXSourcesBuildPhase;
			buildActionMask = 2147483647;
			files = (
				63B356E023BE67A80034F54B /* ViewController.m in Sources */,
				63C7B62D23EAD05400A374FF /* DAItemContentCell.m in Sources */,
				63155EB923D80D92000762DA /* TTSConfigViewController.m in Sources */,
				63155EBB23D80D92000762DA /* NavigationTableViewCell.m in Sources */,
				63155EBD23D80D92000762DA /* SliderTableViewCell.m in Sources */,
				63B357A223C48E9B0034F54B /* BasicViewController.m in Sources */,
				63155EBE23D80D92000762DA /* InputTableViewCell.m in Sources */,
				63155EB623D80D92000762DA /* SelectionTableViewController.m in Sources */,
				63155EBA23D80D92000762DA /* SwitchTableViewCell.m in Sources */,
				63B356EB23BE67A90034F54B /* main.m in Sources */,
				63155EBC23D80D92000762DA /* SelectionTableViewCell.m in Sources */,
				63B356DD23BE67A80034F54B /* AppDelegate.m in Sources */,
				630F77E923D5C98E0071DF9F /* AAViewController.m in Sources */,
				63155EB823D80D92000762DA /* EttsModelTableViewCell.m in Sources */,
				63C7B62323EABE5C00A374FF /* DAItemDetailViewController.m in Sources */,
				63C7B61A23EA96D900A374FF /* DAViewController.m in Sources */,
				63C7B61D23EA9FBB00A374FF /* DialItemCell.m in Sources */,
				63C7B62023EAB3CF00A374FF /* DAOperateCell.m in Sources */,
				63C7B62723EAD00500A374FF /* DAItemOperationCell.m in Sources */,
				630ED8C923ED0720004257BF /* DASubscribersCell.m in Sources */,
				63C7B62A23EAD03100A374FF /* DAItemDatetimeCell.m in Sources */,
			);
			runOnlyForDeploymentPostprocessing = 0;
		};
		63B356EC23BE67A90034F54B /* Sources */ = {
			isa = PBXSourcesBuildPhase;
			buildActionMask = 2147483647;
			files = (
				63B356F523BE67A90034F54B /* VoiceCallDemoTests.m in Sources */,
			);
			runOnlyForDeploymentPostprocessing = 0;
		};
		63B356F723BE67A90034F54B /* Sources */ = {
			isa = PBXSourcesBuildPhase;
			buildActionMask = 2147483647;
			files = (
				63B3570023BE67A90034F54B /* VoiceCallDemoUITests.m in Sources */,
			);
			runOnlyForDeploymentPostprocessing = 0;
		};
/* End PBXSourcesBuildPhase section */

/* Begin PBXTargetDependency section */
		63B356F223BE67A90034F54B /* PBXTargetDependency */ = {
			isa = PBXTargetDependency;
			target = 63B356D723BE67A80034F54B /* VoiceCallDemo */;
			targetProxy = 63B356F123BE67A90034F54B /* PBXContainerItemProxy */;
		};
		63B356FD23BE67A90034F54B /* PBXTargetDependency */ = {
			isa = PBXTargetDependency;
			target = 63B356D723BE67A80034F54B /* VoiceCallDemo */;
			targetProxy = 63B356FC23BE67A90034F54B /* PBXContainerItemProxy */;
		};
/* End PBXTargetDependency section */

/* Begin PBXVariantGroup section */
		63B356E123BE67A80034F54B /* Main.storyboard */ = {
			isa = PBXVariantGroup;
			children = (
				63B356E223BE67A80034F54B /* Base */,
			);
			name = Main.storyboard;
			sourceTree = "<group>";
		};
		63B356E623BE67A90034F54B /* LaunchScreen.storyboard */ = {
			isa = PBXVariantGroup;
			children = (
				63B356E723BE67A90034F54B /* Base */,
			);
			name = LaunchScreen.storyboard;
			sourceTree = "<group>";
		};
/* End PBXVariantGroup section */

/* Begin XCBuildConfiguration section */
		63B3570223BE67A90034F54B /* Debug */ = {
			isa = XCBuildConfiguration;
			buildSettings = {
				ALWAYS_SEARCH_USER_PATHS = NO;
				CLANG_ANALYZER_NONNULL = YES;
				CLANG_ANALYZER_NUMBER_OBJECT_CONVERSION = YES_AGGRESSIVE;
				CLANG_CXX_LANGUAGE_STANDARD = "gnu++14";
				CLANG_CXX_LIBRARY = "libc++";
				CLANG_ENABLE_MODULES = YES;
				CLANG_ENABLE_OBJC_ARC = YES;
				CLANG_ENABLE_OBJC_WEAK = YES;
				CLANG_WARN_BLOCK_CAPTURE_AUTORELEASING = YES;
				CLANG_WARN_BOOL_CONVERSION = YES;
				CLANG_WARN_COMMA = YES;
				CLANG_WARN_CONSTANT_CONVERSION = YES;
				CLANG_WARN_DEPRECATED_OBJC_IMPLEMENTATIONS = YES;
				CLANG_WARN_DIRECT_OBJC_ISA_USAGE = YES_ERROR;
				CLANG_WARN_DOCUMENTATION_COMMENTS = YES;
				CLANG_WARN_EMPTY_BODY = YES;
				CLANG_WARN_ENUM_CONVERSION = YES;
				CLANG_WARN_INFINITE_RECURSION = YES;
				CLANG_WARN_INT_CONVERSION = YES;
				CLANG_WARN_NON_LITERAL_NULL_CONVERSION = YES;
				CLANG_WARN_OBJC_IMPLICIT_RETAIN_SELF = YES;
				CLANG_WARN_OBJC_LITERAL_CONVERSION = YES;
				CLANG_WARN_OBJC_ROOT_CLASS = YES_ERROR;
				CLANG_WARN_RANGE_LOOP_ANALYSIS = YES;
				CLANG_WARN_STRICT_PROTOTYPES = YES;
				CLANG_WARN_SUSPICIOUS_MOVE = YES;
				CLANG_WARN_UNGUARDED_AVAILABILITY = YES_AGGRESSIVE;
				CLANG_WARN_UNREACHABLE_CODE = YES;
				CLANG_WARN__DUPLICATE_METHOD_MATCH = YES;
				CODE_SIGN_IDENTITY = "iPhone Developer";
				COPY_PHASE_STRIP = NO;
				DEBUG_INFORMATION_FORMAT = dwarf;
				ENABLE_STRICT_OBJC_MSGSEND = YES;
				ENABLE_TESTABILITY = YES;
				GCC_C_LANGUAGE_STANDARD = gnu11;
				GCC_DYNAMIC_NO_PIC = NO;
				GCC_NO_COMMON_BLOCKS = YES;
				GCC_OPTIMIZATION_LEVEL = 0;
				GCC_PREPROCESSOR_DEFINITIONS = (
					"DEBUG=1",
					"$(inherited)",
				);
				GCC_WARN_64_TO_32_BIT_CONVERSION = YES;
				GCC_WARN_ABOUT_RETURN_TYPE = YES_ERROR;
				GCC_WARN_UNDECLARED_SELECTOR = YES;
				GCC_WARN_UNINITIALIZED_AUTOS = YES_AGGRESSIVE;
				GCC_WARN_UNUSED_FUNCTION = YES;
				GCC_WARN_UNUSED_VARIABLE = YES;
				IPHONEOS_DEPLOYMENT_TARGET = 12.2;
				MTL_ENABLE_DEBUG_INFO = INCLUDE_SOURCE;
				MTL_FAST_MATH = YES;
				ONLY_ACTIVE_ARCH = YES;
				SDKROOT = iphoneos;
			};
			name = Debug;
		};
		63B3570323BE67A90034F54B /* Release */ = {
			isa = XCBuildConfiguration;
			buildSettings = {
				ALWAYS_SEARCH_USER_PATHS = NO;
				CLANG_ANALYZER_NONNULL = YES;
				CLANG_ANALYZER_NUMBER_OBJECT_CONVERSION = YES_AGGRESSIVE;
				CLANG_CXX_LANGUAGE_STANDARD = "gnu++14";
				CLANG_CXX_LIBRARY = "libc++";
				CLANG_ENABLE_MODULES = YES;
				CLANG_ENABLE_OBJC_ARC = YES;
				CLANG_ENABLE_OBJC_WEAK = YES;
				CLANG_WARN_BLOCK_CAPTURE_AUTORELEASING = YES;
				CLANG_WARN_BOOL_CONVERSION = YES;
				CLANG_WARN_COMMA = YES;
				CLANG_WARN_CONSTANT_CONVERSION = YES;
				CLANG_WARN_DEPRECATED_OBJC_IMPLEMENTATIONS = YES;
				CLANG_WARN_DIRECT_OBJC_ISA_USAGE = YES_ERROR;
				CLANG_WARN_DOCUMENTATION_COMMENTS = YES;
				CLANG_WARN_EMPTY_BODY = YES;
				CLANG_WARN_ENUM_CONVERSION = YES;
				CLANG_WARN_INFINITE_RECURSION = YES;
				CLANG_WARN_INT_CONVERSION = YES;
				CLANG_WARN_NON_LITERAL_NULL_CONVERSION = YES;
				CLANG_WARN_OBJC_IMPLICIT_RETAIN_SELF = YES;
				CLANG_WARN_OBJC_LITERAL_CONVERSION = YES;
				CLANG_WARN_OBJC_ROOT_CLASS = YES_ERROR;
				CLANG_WARN_RANGE_LOOP_ANALYSIS = YES;
				CLANG_WARN_STRICT_PROTOTYPES = YES;
				CLANG_WARN_SUSPICIOUS_MOVE = YES;
				CLANG_WARN_UNGUARDED_AVAILABILITY = YES_AGGRESSIVE;
				CLANG_WARN_UNREACHABLE_CODE = YES;
				CLANG_WARN__DUPLICATE_METHOD_MATCH = YES;
				CODE_SIGN_IDENTITY = "iPhone Developer";
				COPY_PHASE_STRIP = NO;
				DEBUG_INFORMATION_FORMAT = "dwarf-with-dsym";
				ENABLE_NS_ASSERTIONS = NO;
				ENABLE_STRICT_OBJC_MSGSEND = YES;
				GCC_C_LANGUAGE_STANDARD = gnu11;
				GCC_NO_COMMON_BLOCKS = YES;
				GCC_WARN_64_TO_32_BIT_CONVERSION = YES;
				GCC_WARN_ABOUT_RETURN_TYPE = YES_ERROR;
				GCC_WARN_UNDECLARED_SELECTOR = YES;
				GCC_WARN_UNINITIALIZED_AUTOS = YES_AGGRESSIVE;
				GCC_WARN_UNUSED_FUNCTION = YES;
				GCC_WARN_UNUSED_VARIABLE = YES;
				IPHONEOS_DEPLOYMENT_TARGET = 12.2;
				MTL_ENABLE_DEBUG_INFO = NO;
				MTL_FAST_MATH = YES;
				SDKROOT = iphoneos;
				VALIDATE_PRODUCT = YES;
			};
			name = Release;
		};
		63B3570523BE67A90034F54B /* Debug */ = {
			isa = XCBuildConfiguration;
			buildSettings = {
				ASSETCATALOG_COMPILER_APPICON_NAME = AppIcon;
				CODE_SIGN_ENTITLEMENTS = VoiceCallDemo/VoiceCallDemo.entitlements;
				CODE_SIGN_IDENTITY = "iPhone Developer";
				CODE_SIGN_STYLE = Automatic;
				DEVELOPMENT_TEAM = GG66DGXQ52;
				FRAMEWORK_SEARCH_PATHS = (
					"$(inherited)",
					"$(PROJECT_DIR)/libs",
					"$(PROJECT_DIR)",
				);
				INFOPLIST_FILE = VoiceCallDemo/Info.plist;
				LD_RUNPATH_SEARCH_PATHS = (
					"$(inherited)",
					"@executable_path/Frameworks",
				);
				LIBRARY_SEARCH_PATHS = (
					"$(inherited)",
					"$(PROJECT_DIR)/libs",
				);
				PRODUCT_BUNDLE_IDENTIFIER = com.RYZC.www.mobile;
				PRODUCT_NAME = "$(TARGET_NAME)";
				PROVISIONING_PROFILE_SPECIFIER = "";
				TARGETED_DEVICE_FAMILY = "1,2";
			};
			name = Debug;
		};
		63B3570623BE67A90034F54B /* Release */ = {
			isa = XCBuildConfiguration;
			buildSettings = {
				ASSETCATALOG_COMPILER_APPICON_NAME = AppIcon;
				CODE_SIGN_ENTITLEMENTS = VoiceCallDemo/VoiceCallDemo.entitlements;
				CODE_SIGN_IDENTITY = "iPhone Developer";
				CODE_SIGN_STYLE = Automatic;
				DEVELOPMENT_TEAM = GG66DGXQ52;
				FRAMEWORK_SEARCH_PATHS = (
					"$(inherited)",
					"$(PROJECT_DIR)/libs",
					"$(PROJECT_DIR)",
				);
				INFOPLIST_FILE = VoiceCallDemo/Info.plist;
				LD_RUNPATH_SEARCH_PATHS = (
					"$(inherited)",
					"@executable_path/Frameworks",
				);
				LIBRARY_SEARCH_PATHS = (
					"$(inherited)",
					"$(PROJECT_DIR)/libs",
				);
				PRODUCT_BUNDLE_IDENTIFIER = com.RYZC.www.mobile;
				PRODUCT_NAME = "$(TARGET_NAME)";
				PROVISIONING_PROFILE_SPECIFIER = "";
				TARGETED_DEVICE_FAMILY = "1,2";
			};
			name = Release;
		};
		63B3570823BE67A90034F54B /* Debug */ = {
			isa = XCBuildConfiguration;
			buildSettings = {
				BUNDLE_LOADER = "$(TEST_HOST)";
				CODE_SIGN_STYLE = Automatic;
				DEVELOPMENT_TEAM = KK25MC3SMT;
				INFOPLIST_FILE = VoiceCallDemoTests/Info.plist;
				LD_RUNPATH_SEARCH_PATHS = (
					"$(inherited)",
					"@executable_path/Frameworks",
					"@loader_path/Frameworks",
				);
				PRODUCT_BUNDLE_IDENTIFIER = genetek.com.VoiceCallDemoTests;
				PRODUCT_NAME = "$(TARGET_NAME)";
				TARGETED_DEVICE_FAMILY = "1,2";
				TEST_HOST = "$(BUILT_PRODUCTS_DIR)/VoiceCallDemo.app/VoiceCallDemo";
			};
			name = Debug;
		};
		63B3570923BE67A90034F54B /* Release */ = {
			isa = XCBuildConfiguration;
			buildSettings = {
				BUNDLE_LOADER = "$(TEST_HOST)";
				CODE_SIGN_STYLE = Automatic;
				DEVELOPMENT_TEAM = KK25MC3SMT;
				INFOPLIST_FILE = VoiceCallDemoTests/Info.plist;
				LD_RUNPATH_SEARCH_PATHS = (
					"$(inherited)",
					"@executable_path/Frameworks",
					"@loader_path/Frameworks",
				);
				PRODUCT_BUNDLE_IDENTIFIER = genetek.com.VoiceCallDemoTests;
				PRODUCT_NAME = "$(TARGET_NAME)";
				TARGETED_DEVICE_FAMILY = "1,2";
				TEST_HOST = "$(BUILT_PRODUCTS_DIR)/VoiceCallDemo.app/VoiceCallDemo";
			};
			name = Release;
		};
		63B3570B23BE67A90034F54B /* Debug */ = {
			isa = XCBuildConfiguration;
			buildSettings = {
				CODE_SIGN_STYLE = Automatic;
				DEVELOPMENT_TEAM = KK25MC3SMT;
				INFOPLIST_FILE = VoiceCallDemoUITests/Info.plist;
				LD_RUNPATH_SEARCH_PATHS = (
					"$(inherited)",
					"@executable_path/Frameworks",
					"@loader_path/Frameworks",
				);
				PRODUCT_BUNDLE_IDENTIFIER = genetek.com.VoiceCallDemoUITests;
				PRODUCT_NAME = "$(TARGET_NAME)";
				TARGETED_DEVICE_FAMILY = "1,2";
				TEST_TARGET_NAME = VoiceCallDemo;
			};
			name = Debug;
		};
		63B3570C23BE67A90034F54B /* Release */ = {
			isa = XCBuildConfiguration;
			buildSettings = {
				CODE_SIGN_STYLE = Automatic;
				DEVELOPMENT_TEAM = KK25MC3SMT;
				INFOPLIST_FILE = VoiceCallDemoUITests/Info.plist;
				LD_RUNPATH_SEARCH_PATHS = (
					"$(inherited)",
					"@executable_path/Frameworks",
					"@loader_path/Frameworks",
				);
				PRODUCT_BUNDLE_IDENTIFIER = genetek.com.VoiceCallDemoUITests;
				PRODUCT_NAME = "$(TARGET_NAME)";
				TARGETED_DEVICE_FAMILY = "1,2";
				TEST_TARGET_NAME = VoiceCallDemo;
			};
			name = Release;
		};
/* End XCBuildConfiguration section */

/* Begin XCConfigurationList section */
		63B356D323BE67A80034F54B /* Build configuration list for PBXProject "VoiceCallDemo" */ = {
			isa = XCConfigurationList;
			buildConfigurations = (
				63B3570223BE67A90034F54B /* Debug */,
				63B3570323BE67A90034F54B /* Release */,
			);
			defaultConfigurationIsVisible = 0;
			defaultConfigurationName = Release;
		};
		63B3570423BE67A90034F54B /* Build configuration list for PBXNativeTarget "VoiceCallDemo" */ = {
			isa = XCConfigurationList;
			buildConfigurations = (
				63B3570523BE67A90034F54B /* Debug */,
				63B3570623BE67A90034F54B /* Release */,
			);
			defaultConfigurationIsVisible = 0;
			defaultConfigurationName = Release;
		};
		63B3570723BE67A90034F54B /* Build configuration list for PBXNativeTarget "VoiceCallDemoTests" */ = {
			isa = XCConfigurationList;
			buildConfigurations = (
				63B3570823BE67A90034F54B /* Debug */,
				63B3570923BE67A90034F54B /* Release */,
			);
			defaultConfigurationIsVisible = 0;
			defaultConfigurationName = Release;
		};
		63B3570A23BE67A90034F54B /* Build configuration list for PBXNativeTarget "VoiceCallDemoUITests" */ = {
			isa = XCConfigurationList;
			buildConfigurations = (
				63B3570B23BE67A90034F54B /* Debug */,
				63B3570C23BE67A90034F54B /* Release */,
			);
			defaultConfigurationIsVisible = 0;
			defaultConfigurationName = Release;
		};
/* End XCConfigurationList section */
	};
	rootObject = 63B356D023BE67A80034F54B /* Project object */;
}
