// !$*UTF8*$!
{
	archiveVersion = 1;
	classes = {
	};
	objectVersion = 50;
	objects = {

/* Begin PBXBuildFile section */
		630F77D723D545960071DF9F /* AuditTask.h in Headers */ = {isa = PBXBuildFile; fileRef = 630F77D623D545960071DF9F /* AuditTask.h */; };
		630F77D923D545A90071DF9F /* AuditTask.m in Sources */ = {isa = PBXBuildFile; fileRef = 630F77D823D545A90071DF9F /* AuditTask.m */; };
		630F77DD23D570C80071DF9F /* UpDateConfigTask.h in Headers */ = {isa = PBXBuildFile; fileRef = 630F77DC23D570C80071DF9F /* UpDateConfigTask.h */; };
		630F77DF23D570D40071DF9F /* UpDateConfigTask.m in Sources */ = {isa = PBXBuildFile; fileRef = 630F77DE23D570D40071DF9F /* UpDateConfigTask.m */; };
		63155E9623D7E36F000762DA /* AssistantCallback.h in Headers */ = {isa = PBXBuildFile; fileRef = 63155E9523D7E36F000762DA /* AssistantCallback.h */; };
		6338001723E13EEE00679F83 /* HttpUtil.h in Headers */ = {isa = PBXBuildFile; fileRef = 6338001623E13EEE00679F83 /* HttpUtil.h */; };
		6338001923E13F1A00679F83 /* HttpUtil.m in Sources */ = {isa = PBXBuildFile; fileRef = 6338001823E13F1A00679F83 /* HttpUtil.m */; };
		6349E8DE23D15685009EEE99 /* BDSSynthesizerStatusNotifications.h in Headers */ = {isa = PBXBuildFile; fileRef = 6349E8D423D15685009EEE99 /* BDSSynthesizerStatusNotifications.h */; };
		6349E8DF23D15685009EEE99 /* BDSSpeechSynthesizerDelegate.h in Headers */ = {isa = PBXBuildFile; fileRef = 6349E8D523D15685009EEE99 /* BDSSpeechSynthesizerDelegate.h */; };
		6349E8E023D15685009EEE99 /* BDS_EttsModelManagerInterface.h in Headers */ = {isa = PBXBuildFile; fileRef = 6349E8D623D15685009EEE99 /* BDS_EttsModelManagerInterface.h */; };
		6349E8E123D15685009EEE99 /* BDSBuiltInPlayer.h in Headers */ = {isa = PBXBuildFile; fileRef = 6349E8D723D15685009EEE99 /* BDSBuiltInPlayer.h */; };
		6349E8E223D15685009EEE99 /* BDSMixedModeSynthesizer.h in Headers */ = {isa = PBXBuildFile; fileRef = 6349E8D823D15685009EEE99 /* BDSMixedModeSynthesizer.h */; };
		6349E8E323D15685009EEE99 /* BDSSpeechSynthesizer.h in Headers */ = {isa = PBXBuildFile; fileRef = 6349E8D923D15685009EEE99 /* BDSSpeechSynthesizer.h */; };
		6349E8E423D15685009EEE99 /* BDSSpeechSynthesizerParams.h in Headers */ = {isa = PBXBuildFile; fileRef = 6349E8DA23D15685009EEE99 /* BDSSpeechSynthesizerParams.h */; };
		6349E8E523D15685009EEE99 /* BDSSynthesizerLogLevel.h in Headers */ = {isa = PBXBuildFile; fileRef = 6349E8DB23D15685009EEE99 /* BDSSynthesizerLogLevel.h */; };
		6349E8E623D15685009EEE99 /* BDSTTSEventManager.h in Headers */ = {isa = PBXBuildFile; fileRef = 6349E8DC23D15685009EEE99 /* BDSTTSEventManager.h */; };
		6349E8E723D15685009EEE99 /* BDSSpeechSynthesizerErrors.h in Headers */ = {isa = PBXBuildFile; fileRef = 6349E8DD23D15685009EEE99 /* BDSSpeechSynthesizerErrors.h */; };
		6349E8E923D157A2009EEE99 /* TtsManager.h in Headers */ = {isa = PBXBuildFile; fileRef = 6349E8E823D157A2009EEE99 /* TtsManager.h */; };
		6349E8EB23D157B4009EEE99 /* TtsManager.m in Sources */ = {isa = PBXBuildFile; fileRef = 6349E8EA23D157B4009EEE99 /* TtsManager.m */; };
		6349E8ED23D18490009EEE99 /* Assistant.m in Sources */ = {isa = PBXBuildFile; fileRef = 6349E8EC23D18490009EEE99 /* Assistant.m */; };
		6349E8F323D1BFC1009EEE99 /* TtsFileManager.h in Headers */ = {isa = PBXBuildFile; fileRef = 6349E8F223D1BFC1009EEE99 /* TtsFileManager.h */; };
		6349E8F523D1BFDE009EEE99 /* TtsFileManager.m in Sources */ = {isa = PBXBuildFile; fileRef = 6349E8F423D1BFDE009EEE99 /* TtsFileManager.m */; };
		6349E8F723D1CAB9009EEE99 /* AssistantEnum.h in Headers */ = {isa = PBXBuildFile; fileRef = 6349E8F623D1CAB9009EEE99 /* AssistantEnum.h */; settings = {ATTRIBUTES = (Public, ); }; };
		6349E8FD23D1FBC4009EEE99 /* AssistantItem.h in Headers */ = {isa = PBXBuildFile; fileRef = 6349E8FC23D1FBC4009EEE99 /* AssistantItem.h */; };
		6349E8FF23D313AB009EEE99 /* AssistantItem.m in Sources */ = {isa = PBXBuildFile; fileRef = 6349E8FE23D313AB009EEE99 /* AssistantItem.m */; };
		6349E90123D341A8009EEE99 /* TtsFileTasks.h in Headers */ = {isa = PBXBuildFile; fileRef = 6349E90023D341A8009EEE99 /* TtsFileTasks.h */; };
		6349E90323D342E0009EEE99 /* TtsFileTasks.m in Sources */ = {isa = PBXBuildFile; fileRef = 6349E90223D342E0009EEE99 /* TtsFileTasks.m */; };
		6390308D23EBC13C00D10CAE /* DialAssistant.h in Headers */ = {isa = PBXBuildFile; fileRef = 6390308C23EBC13C00D10CAE /* DialAssistant.h */; };
		6390308F23EBC14800D10CAE /* DialAssistant.m in Sources */ = {isa = PBXBuildFile; fileRef = 6390308E23EBC14800D10CAE /* DialAssistant.m */; };
		63A24F4823CB5A9200D2ADC4 /* Assistant.h in Headers */ = {isa = PBXBuildFile; fileRef = 63A24F4723CB5A9200D2ADC4 /* Assistant.h */; };
		63A24F4A23CB5ACC00D2ADC4 /* AnswerAssistant.h in Headers */ = {isa = PBXBuildFile; fileRef = 63A24F4923CB5ACC00D2ADC4 /* AnswerAssistant.h */; };
		63A24F4C23CB5C6300D2ADC4 /* AnswerAssistant.m in Sources */ = {isa = PBXBuildFile; fileRef = 63A24F4B23CB5C6300D2ADC4 /* AnswerAssistant.m */; };
		63A24F5023CC7B3300D2ADC4 /* AudioInputStream.mm in Sources */ = {isa = PBXBuildFile; fileRef = 63A24F4E23CC7B3300D2ADC4 /* AudioInputStream.mm */; };
		63A24F5123CC7B3300D2ADC4 /* AudioInputStream.h in Headers */ = {isa = PBXBuildFile; fileRef = 63A24F4F23CC7B3300D2ADC4 /* AudioInputStream.h */; };
		63A24F5323CC7B6A00D2ADC4 /* AudioDataQueue.hpp in Headers */ = {isa = PBXBuildFile; fileRef = 63A24F5223CC7B6A00D2ADC4 /* AudioDataQueue.hpp */; };
		63A24F5523CC7CF700D2ADC4 /* AudioDataQueue.cpp in Sources */ = {isa = PBXBuildFile; fileRef = 63A24F5423CC7CF700D2ADC4 /* AudioDataQueue.cpp */; };
		63A24F5723CC7D8A00D2ADC4 /* ACMAudioInputStream.h in Headers */ = {isa = PBXBuildFile; fileRef = 63A24F5623CC7D8A00D2ADC4 /* ACMAudioInputStream.h */; };
		63A24F5923CC7D9900D2ADC4 /* ACMAudioInputStream.m in Sources */ = {isa = PBXBuildFile; fileRef = 63A24F5823CC7D9900D2ADC4 /* ACMAudioInputStream.m */; };
		63A24F6523CCC81D00D2ADC4 /* AudioController.h in Headers */ = {isa = PBXBuildFile; fileRef = 63A24F6423CCC81D00D2ADC4 /* AudioController.h */; };
		63A24F6723CCC83100D2ADC4 /* AudioController.m in Sources */ = {isa = PBXBuildFile; fileRef = 63A24F6623CCC83100D2ADC4 /* AudioController.m */; };
		63A24F6A23CCD99E00D2ADC4 /* ExternalAudio.mm in Sources */ = {isa = PBXBuildFile; fileRef = 63A24F6823CCD99D00D2ADC4 /* ExternalAudio.mm */; };
		63A24F6B23CCD99E00D2ADC4 /* ExternalAudio.h in Headers */ = {isa = PBXBuildFile; fileRef = 63A24F6923CCD99D00D2ADC4 /* ExternalAudio.h */; };
		63A24F6D23CD592300D2ADC4 /* ASRInputStream.h in Headers */ = {isa = PBXBuildFile; fileRef = 63A24F6C23CD592300D2ADC4 /* ASRInputStream.h */; };
		63A24F7123CD607000D2ADC4 /* AudioStreamMgr.h in Headers */ = {isa = PBXBuildFile; fileRef = 63A24F7023CD607000D2ADC4 /* AudioStreamMgr.h */; };
		63A24F7323CD634400D2ADC4 /* AudioStreamMgr.m in Sources */ = {isa = PBXBuildFile; fileRef = 63A24F7223CD634400D2ADC4 /* AudioStreamMgr.m */; };
		63A24F7523CD7BCE00D2ADC4 /* ASRInputStream.mm in Sources */ = {isa = PBXBuildFile; fileRef = 63A24F7423CD7BCE00D2ADC4 /* ASRInputStream.mm */; };
		63A24F8523CD914900D2ADC4 /* BDSWakeupParameters.h in Headers */ = {isa = PBXBuildFile; fileRef = 63A24F7823CD914900D2ADC4 /* BDSWakeupParameters.h */; };
		63A24F8623CD914900D2ADC4 /* BDSASRParameters.h in Headers */ = {isa = PBXBuildFile; fileRef = 63A24F7923CD914900D2ADC4 /* BDSASRParameters.h */; };
		63A24F8723CD914900D2ADC4 /* BDSEventManager.h in Headers */ = {isa = PBXBuildFile; fileRef = 63A24F7A23CD914900D2ADC4 /* BDSEventManager.h */; };
		63A24F8823CD914900D2ADC4 /* .gitIgnore in Resources */ = {isa = PBXBuildFile; fileRef = 63A24F7B23CD914900D2ADC4 /* .gitIgnore */; };
		63A24F8923CD914900D2ADC4 /* BDSUploaderDefines.h in Headers */ = {isa = PBXBuildFile; fileRef = 63A24F7C23CD914900D2ADC4 /* BDSUploaderDefines.h */; };
		63A24F8A23CD914900D2ADC4 /* BDSASRDefines.h in Headers */ = {isa = PBXBuildFile; fileRef = 63A24F7D23CD914900D2ADC4 /* BDSASRDefines.h */; };
		63A24F8B23CD914900D2ADC4 /* BDSUploaderParameters.h in Headers */ = {isa = PBXBuildFile; fileRef = 63A24F7E23CD914900D2ADC4 /* BDSUploaderParameters.h */; };
		63A24F8C23CD914900D2ADC4 /* BDSWakeupDefines.h in Headers */ = {isa = PBXBuildFile; fileRef = 63A24F7F23CD914900D2ADC4 /* BDSWakeupDefines.h */; };
		63A24F8D23CD914900D2ADC4 /* BDRecognizerViewParamsObject.h in Headers */ = {isa = PBXBuildFile; fileRef = 63A24F8123CD914900D2ADC4 /* BDRecognizerViewParamsObject.h */; };
		63A24F8E23CD914900D2ADC4 /* BDRecognizerViewController.h in Headers */ = {isa = PBXBuildFile; fileRef = 63A24F8223CD914900D2ADC4 /* BDRecognizerViewController.h */; };
		63A24F8F23CD914900D2ADC4 /* BDTheme.h in Headers */ = {isa = PBXBuildFile; fileRef = 63A24F8323CD914900D2ADC4 /* BDTheme.h */; };
		63A24F9023CD914900D2ADC4 /* BDRecognizerViewDelegate.h in Headers */ = {isa = PBXBuildFile; fileRef = 63A24F8423CD914900D2ADC4 /* BDRecognizerViewDelegate.h */; };
		63A24F9223CD91CC00D2ADC4 /* AsrManager.h in Headers */ = {isa = PBXBuildFile; fileRef = 63A24F9123CD91CC00D2ADC4 /* AsrManager.h */; };
		63A24F9423CD920500D2ADC4 /* AsrManager.m in Sources */ = {isa = PBXBuildFile; fileRef = 63A24F9323CD920500D2ADC4 /* AsrManager.m */; };
		63B0C3D623FD1AB6002C53F0 /* AcmAssistant.h in Headers */ = {isa = PBXBuildFile; fileRef = 63B0C3D523FD1AB6002C53F0 /* AcmAssistant.h */; settings = {ATTRIBUTES = (Public, ); }; };
		63B0C3D823FD1AC5002C53F0 /* AcmAssistant.m in Sources */ = {isa = PBXBuildFile; fileRef = 63B0C3D723FD1AC5002C53F0 /* AcmAssistant.m */; };
		63B0C3DA23FD277C002C53F0 /* VoiceConfig.h in Headers */ = {isa = PBXBuildFile; fileRef = 63B0C3D923FD277C002C53F0 /* VoiceConfig.h */; settings = {ATTRIBUTES = (Public, ); }; };
		63B0C3DC23FD2957002C53F0 /* VoiceConfig.m in Sources */ = {isa = PBXBuildFile; fileRef = 63B0C3DB23FD2957002C53F0 /* VoiceConfig.m */; };
		63B3565B23BDE3900034F54B /* ACM.framework in Frameworks */ = {isa = PBXBuildFile; fileRef = 63B3565123BDE3900034F54B /* ACM.framework */; };
		63B3566023BDE3900034F54B /* ACMTests.m in Sources */ = {isa = PBXBuildFile; fileRef = 63B3565F23BDE3900034F54B /* ACMTests.m */; };
		63B3566223BDE3900034F54B /* ACM.h in Headers */ = {isa = PBXBuildFile; fileRef = 63B3565423BDE3900034F54B /* ACM.h */; settings = {ATTRIBUTES = (Public, ); }; };
		63B356AC23BE38970034F54B /* ACM.m in Sources */ = {isa = PBXBuildFile; fileRef = 63B356AB23BE38970034F54B /* ACM.m */; };
		63B356B523BE53560034F54B /* libc++.tbd in Frameworks */ = {isa = PBXBuildFile; fileRef = 63B356B423BE53560034F54B /* libc++.tbd */; };
		63B356B723BE53660034F54B /* libresolv.tbd in Frameworks */ = {isa = PBXBuildFile; fileRef = 63B356B623BE53660034F54B /* libresolv.tbd */; };
		63B356B923BE53700034F54B /* SystemConfiguration.framework in Frameworks */ = {isa = PBXBuildFile; fileRef = 63B356B823BE53700034F54B /* SystemConfiguration.framework */; };
		63B356BB23BE537A0034F54B /* CoreTelephony.framework in Frameworks */ = {isa = PBXBuildFile; fileRef = 63B356BA23BE537A0034F54B /* CoreTelephony.framework */; };
		63B356BE23BE55290034F54B /* RunTimeMsgManager.m in Sources */ = {isa = PBXBuildFile; fileRef = 63B356BD23BE55290034F54B /* RunTimeMsgManager.m */; };
		63B356C023BE553B0034F54B /* RunTimeMsgManager.h in Headers */ = {isa = PBXBuildFile; fileRef = 63B356BF23BE553B0034F54B /* RunTimeMsgManager.h */; };
		63B356C223BE56B20034F54B /* IACMCallBack.h in Headers */ = {isa = PBXBuildFile; fileRef = 63B356C123BE56B20034F54B /* IACMCallBack.h */; settings = {ATTRIBUTES = (Public, ); }; };
		63B3572C23BF247C0034F54B /* RtcManager.h in Headers */ = {isa = PBXBuildFile; fileRef = 63B3572B23BF247C0034F54B /* RtcManager.h */; };
		63B3572E23BF24920034F54B /* RtcManager.m in Sources */ = {isa = PBXBuildFile; fileRef = 63B3572D23BF24920034F54B /* RtcManager.m */; };
		63B3573023BF24AD0034F54B /* IRTCCallBack.h in Headers */ = {isa = PBXBuildFile; fileRef = 63B3572F23BF24AD0034F54B /* IRTCCallBack.h */; settings = {ATTRIBUTES = (Public, ); }; };
		63B3579123C45F290034F54B /* ACMAction.h in Headers */ = {isa = PBXBuildFile; fileRef = 63B3579023C45F290034F54B /* ACMAction.h */; };
		63B3579323C468730034F54B /* ACMAction.m in Sources */ = {isa = PBXBuildFile; fileRef = 63B3579223C468730034F54B /* ACMAction.m */; };
		63B3579523C4692F0034F54B /* ActionManager.h in Headers */ = {isa = PBXBuildFile; fileRef = 63B3579423C4692F0034F54B /* ActionManager.h */; };
		63B3579723C469400034F54B /* ActionManager.m in Sources */ = {isa = PBXBuildFile; fileRef = 63B3579623C469400034F54B /* ActionManager.m */; };
		63B3579923C46BE30034F54B /* EventData.h in Headers */ = {isa = PBXBuildFile; fileRef = 63B3579823C46BE30034F54B /* EventData.h */; };
		63B3579B23C46C8C0034F54B /* ACMCommon.h in Headers */ = {isa = PBXBuildFile; fileRef = 63B3579A23C46C8C0034F54B /* ACMCommon.h */; };
		63B3579D23C474C50034F54B /* SDKInitAction.h in Headers */ = {isa = PBXBuildFile; fileRef = 63B3579C23C474C50034F54B /* SDKInitAction.h */; };
		63B3579F23C475B80034F54B /* SDKInitAction.m in Sources */ = {isa = PBXBuildFile; fileRef = 63B3579E23C475B80034F54B /* SDKInitAction.m */; };
		63B357A823C4B1B30034F54B /* LoginAction.h in Headers */ = {isa = PBXBuildFile; fileRef = 63B357A723C4B1B30034F54B /* LoginAction.h */; };
		63B357AA23C4B1C40034F54B /* LoginAction.m in Sources */ = {isa = PBXBuildFile; fileRef = 63B357A923C4B1C40034F54B /* LoginAction.m */; };
		63B357AC23C4C7480034F54B /* MonitorAction.h in Headers */ = {isa = PBXBuildFile; fileRef = 63B357AB23C4C7480034F54B /* MonitorAction.h */; };
		63B357AE23C4C75B0034F54B /* MonitorAction.m in Sources */ = {isa = PBXBuildFile; fileRef = 63B357AD23C4C75B0034F54B /* MonitorAction.m */; };
		63B357B123C5E69C0034F54B /* DialAction.h in Headers */ = {isa = PBXBuildFile; fileRef = 63B357B023C5E69C0034F54B /* DialAction.h */; };
		63B357B323C5E6AE0034F54B /* DialAction.m in Sources */ = {isa = PBXBuildFile; fileRef = 63B357B223C5E6AE0034F54B /* DialAction.m */; };
		63B357B723C6D2CF0034F54B /* ApnsMessageManager.h in Headers */ = {isa = PBXBuildFile; fileRef = 63B357B623C6D2CF0034F54B /* ApnsMessageManager.h */; };
		63B357B923C6D2E40034F54B /* ApnsMessageManager.m in Sources */ = {isa = PBXBuildFile; fileRef = 63B357B823C6D2E40034F54B /* ApnsMessageManager.m */; };
		63B357BC23C6D8630034F54B /* Call.h in Headers */ = {isa = PBXBuildFile; fileRef = 63B357BB23C6D8630034F54B /* Call.h */; settings = {ATTRIBUTES = (Public, ); }; };
		63B357BE23C6D8770034F54B /* Call.m in Sources */ = {isa = PBXBuildFile; fileRef = 63B357BD23C6D8770034F54B /* Call.m */; };
		63B357C023C6D88B0034F54B /* CallManager.h in Headers */ = {isa = PBXBuildFile; fileRef = 63B357BF23C6D88B0034F54B /* CallManager.h */; };
		63B357C223C6D89C0034F54B /* CallManager.m in Sources */ = {isa = PBXBuildFile; fileRef = 63B357C123C6D89C0034F54B /* CallManager.m */; };
		63B357C423C81C6E0034F54B /* ACMEnums.h in Headers */ = {isa = PBXBuildFile; fileRef = 63B357C323C81C6E0034F54B /* ACMEnums.h */; settings = {ATTRIBUTES = (Public, ); }; };
		63B357C823C8B49D0034F54B /* InComeDialAction.h in Headers */ = {isa = PBXBuildFile; fileRef = 63B357C723C8B49D0034F54B /* InComeDialAction.h */; };
		63B357CA23C8B4AA0034F54B /* InComeDialAction.m in Sources */ = {isa = PBXBuildFile; fileRef = 63B357C923C8B4AA0034F54B /* InComeDialAction.m */; };
		63B357CC23C8BC970034F54B /* OnPhoneAction.h in Headers */ = {isa = PBXBuildFile; fileRef = 63B357CB23C8BC970034F54B /* OnPhoneAction.h */; };
		63B357CE23C8BCAC0034F54B /* OnPhoneAction.m in Sources */ = {isa = PBXBuildFile; fileRef = 63B357CD23C8BCAC0034F54B /* OnPhoneAction.m */; };
		63C8F0FA23F69F790028D7C7 /* CallEventEnum.h in Headers */ = {isa = PBXBuildFile; fileRef = 63C8F0F923F69F790028D7C7 /* CallEventEnum.h */; };
		63FE533623E2DF3B009D4F1E /* AcmCall.h in Headers */ = {isa = PBXBuildFile; fileRef = 63FE533523E2DF3B009D4F1E /* AcmCall.h */; };
		63FE533823E2E094009D4F1E /* AcmCall.m in Sources */ = {isa = PBXBuildFile; fileRef = 63FE533723E2E094009D4F1E /* AcmCall.m */; };
/* End PBXBuildFile section */

/* Begin PBXContainerItemProxy section */
		63B3565C23BDE3900034F54B /* PBXContainerItemProxy */ = {
			isa = PBXContainerItemProxy;
			containerPortal = 63B3564823BDE3900034F54B /* Project object */;
			proxyType = 1;
			remoteGlobalIDString = 63B3565023BDE3900034F54B;
			remoteInfo = ACM;
		};
/* End PBXContainerItemProxy section */

/* Begin PBXFileReference section */
		630F77D623D545960071DF9F /* AuditTask.h */ = {isa = PBXFileReference; lastKnownFileType = sourcecode.c.h; path = AuditTask.h; sourceTree = "<group>"; };
		630F77D823D545A90071DF9F /* AuditTask.m */ = {isa = PBXFileReference; lastKnownFileType = sourcecode.c.objc; path = AuditTask.m; sourceTree = "<group>"; };
		630F77DC23D570C80071DF9F /* UpDateConfigTask.h */ = {isa = PBXFileReference; lastKnownFileType = sourcecode.c.h; path = UpDateConfigTask.h; sourceTree = "<group>"; };
		630F77DE23D570D40071DF9F /* UpDateConfigTask.m */ = {isa = PBXFileReference; lastKnownFileType = sourcecode.c.objc; path = UpDateConfigTask.m; sourceTree = "<group>"; };
		63155E9523D7E36F000762DA /* AssistantCallback.h */ = {isa = PBXFileReference; lastKnownFileType = sourcecode.c.h; path = AssistantCallback.h; sourceTree = "<group>"; };
		6338001623E13EEE00679F83 /* HttpUtil.h */ = {isa = PBXFileReference; lastKnownFileType = sourcecode.c.h; path = HttpUtil.h; sourceTree = "<group>"; };
		6338001823E13F1A00679F83 /* HttpUtil.m */ = {isa = PBXFileReference; lastKnownFileType = sourcecode.c.objc; path = HttpUtil.m; sourceTree = "<group>"; };
		6349E8D423D15685009EEE99 /* BDSSynthesizerStatusNotifications.h */ = {isa = PBXFileReference; fileEncoding = 4; lastKnownFileType = sourcecode.c.h; path = BDSSynthesizerStatusNotifications.h; sourceTree = "<group>"; };
		6349E8D523D15685009EEE99 /* BDSSpeechSynthesizerDelegate.h */ = {isa = PBXFileReference; fileEncoding = 4; lastKnownFileType = sourcecode.c.h; path = BDSSpeechSynthesizerDelegate.h; sourceTree = "<group>"; };
		6349E8D623D15685009EEE99 /* BDS_EttsModelManagerInterface.h */ = {isa = PBXFileReference; fileEncoding = 4; lastKnownFileType = sourcecode.c.h; path = BDS_EttsModelManagerInterface.h; sourceTree = "<group>"; };
		6349E8D723D15685009EEE99 /* BDSBuiltInPlayer.h */ = {isa = PBXFileReference; fileEncoding = 4; lastKnownFileType = sourcecode.c.h; path = BDSBuiltInPlayer.h; sourceTree = "<group>"; };
		6349E8D823D15685009EEE99 /* BDSMixedModeSynthesizer.h */ = {isa = PBXFileReference; fileEncoding = 4; lastKnownFileType = sourcecode.c.h; path = BDSMixedModeSynthesizer.h; sourceTree = "<group>"; };
		6349E8D923D15685009EEE99 /* BDSSpeechSynthesizer.h */ = {isa = PBXFileReference; fileEncoding = 4; lastKnownFileType = sourcecode.c.h; path = BDSSpeechSynthesizer.h; sourceTree = "<group>"; };
		6349E8DA23D15685009EEE99 /* BDSSpeechSynthesizerParams.h */ = {isa = PBXFileReference; fileEncoding = 4; lastKnownFileType = sourcecode.c.h; path = BDSSpeechSynthesizerParams.h; sourceTree = "<group>"; };
		6349E8DB23D15685009EEE99 /* BDSSynthesizerLogLevel.h */ = {isa = PBXFileReference; fileEncoding = 4; lastKnownFileType = sourcecode.c.h; path = BDSSynthesizerLogLevel.h; sourceTree = "<group>"; };
		6349E8DC23D15685009EEE99 /* BDSTTSEventManager.h */ = {isa = PBXFileReference; fileEncoding = 4; lastKnownFileType = sourcecode.c.h; path = BDSTTSEventManager.h; sourceTree = "<group>"; };
		6349E8DD23D15685009EEE99 /* BDSSpeechSynthesizerErrors.h */ = {isa = PBXFileReference; fileEncoding = 4; lastKnownFileType = sourcecode.c.h; path = BDSSpeechSynthesizerErrors.h; sourceTree = "<group>"; };
		6349E8E823D157A2009EEE99 /* TtsManager.h */ = {isa = PBXFileReference; lastKnownFileType = sourcecode.c.h; path = TtsManager.h; sourceTree = "<group>"; };
		6349E8EA23D157B4009EEE99 /* TtsManager.m */ = {isa = PBXFileReference; lastKnownFileType = sourcecode.c.objc; path = TtsManager.m; sourceTree = "<group>"; };
		6349E8EC23D18490009EEE99 /* Assistant.m */ = {isa = PBXFileReference; lastKnownFileType = sourcecode.c.objc; path = Assistant.m; sourceTree = "<group>"; };
		6349E8F223D1BFC1009EEE99 /* TtsFileManager.h */ = {isa = PBXFileReference; lastKnownFileType = sourcecode.c.h; path = TtsFileManager.h; sourceTree = "<group>"; };
		6349E8F423D1BFDE009EEE99 /* TtsFileManager.m */ = {isa = PBXFileReference; lastKnownFileType = sourcecode.c.objc; path = TtsFileManager.m; sourceTree = "<group>"; };
		6349E8F623D1CAB9009EEE99 /* AssistantEnum.h */ = {isa = PBXFileReference; lastKnownFileType = sourcecode.c.h; path = AssistantEnum.h; sourceTree = "<group>"; };
		6349E8FC23D1FBC4009EEE99 /* AssistantItem.h */ = {isa = PBXFileReference; lastKnownFileType = sourcecode.c.h; path = AssistantItem.h; sourceTree = "<group>"; };
		6349E8FE23D313AB009EEE99 /* AssistantItem.m */ = {isa = PBXFileReference; lastKnownFileType = sourcecode.c.objc; path = AssistantItem.m; sourceTree = "<group>"; };
		6349E90023D341A8009EEE99 /* TtsFileTasks.h */ = {isa = PBXFileReference; lastKnownFileType = sourcecode.c.h; path = TtsFileTasks.h; sourceTree = "<group>"; };
		6349E90223D342E0009EEE99 /* TtsFileTasks.m */ = {isa = PBXFileReference; lastKnownFileType = sourcecode.c.objc; path = TtsFileTasks.m; sourceTree = "<group>"; };
		6390308C23EBC13C00D10CAE /* DialAssistant.h */ = {isa = PBXFileReference; lastKnownFileType = sourcecode.c.h; path = DialAssistant.h; sourceTree = "<group>"; };
		6390308E23EBC14800D10CAE /* DialAssistant.m */ = {isa = PBXFileReference; lastKnownFileType = sourcecode.c.objc; path = DialAssistant.m; sourceTree = "<group>"; };
		63A24F4723CB5A9200D2ADC4 /* Assistant.h */ = {isa = PBXFileReference; lastKnownFileType = sourcecode.c.h; path = Assistant.h; sourceTree = "<group>"; };
		63A24F4923CB5ACC00D2ADC4 /* AnswerAssistant.h */ = {isa = PBXFileReference; lastKnownFileType = sourcecode.c.h; path = AnswerAssistant.h; sourceTree = "<group>"; };
		63A24F4B23CB5C6300D2ADC4 /* AnswerAssistant.m */ = {isa = PBXFileReference; lastKnownFileType = sourcecode.c.objc; path = AnswerAssistant.m; sourceTree = "<group>"; };
		63A24F4E23CC7B3300D2ADC4 /* AudioInputStream.mm */ = {isa = PBXFileReference; fileEncoding = 4; lastKnownFileType = sourcecode.cpp.objcpp; path = AudioInputStream.mm; sourceTree = "<group>"; };
		63A24F4F23CC7B3300D2ADC4 /* AudioInputStream.h */ = {isa = PBXFileReference; fileEncoding = 4; lastKnownFileType = sourcecode.c.h; path = AudioInputStream.h; sourceTree = "<group>"; };
		63A24F5223CC7B6A00D2ADC4 /* AudioDataQueue.hpp */ = {isa = PBXFileReference; fileEncoding = 4; lastKnownFileType = sourcecode.cpp.h; path = AudioDataQueue.hpp; sourceTree = "<group>"; };
		63A24F5423CC7CF700D2ADC4 /* AudioDataQueue.cpp */ = {isa = PBXFileReference; fileEncoding = 4; lastKnownFileType = sourcecode.cpp.cpp; path = AudioDataQueue.cpp; sourceTree = "<group>"; };
		63A24F5623CC7D8A00D2ADC4 /* ACMAudioInputStream.h */ = {isa = PBXFileReference; lastKnownFileType = sourcecode.c.h; path = ACMAudioInputStream.h; sourceTree = "<group>"; };
		63A24F5823CC7D9900D2ADC4 /* ACMAudioInputStream.m */ = {isa = PBXFileReference; lastKnownFileType = sourcecode.c.objc; path = ACMAudioInputStream.m; sourceTree = "<group>"; };
		63A24F6423CCC81D00D2ADC4 /* AudioController.h */ = {isa = PBXFileReference; lastKnownFileType = sourcecode.c.h; path = AudioController.h; sourceTree = "<group>"; };
		63A24F6623CCC83100D2ADC4 /* AudioController.m */ = {isa = PBXFileReference; lastKnownFileType = sourcecode.c.objc; path = AudioController.m; sourceTree = "<group>"; };
		63A24F6823CCD99D00D2ADC4 /* ExternalAudio.mm */ = {isa = PBXFileReference; fileEncoding = 4; lastKnownFileType = sourcecode.cpp.objcpp; path = ExternalAudio.mm; sourceTree = "<group>"; };
		63A24F6923CCD99D00D2ADC4 /* ExternalAudio.h */ = {isa = PBXFileReference; fileEncoding = 4; lastKnownFileType = sourcecode.c.h; path = ExternalAudio.h; sourceTree = "<group>"; };
		63A24F6C23CD592300D2ADC4 /* ASRInputStream.h */ = {isa = PBXFileReference; lastKnownFileType = sourcecode.c.h; path = ASRInputStream.h; sourceTree = "<group>"; };
		63A24F7023CD607000D2ADC4 /* AudioStreamMgr.h */ = {isa = PBXFileReference; lastKnownFileType = sourcecode.c.h; path = AudioStreamMgr.h; sourceTree = "<group>"; };
		63A24F7223CD634400D2ADC4 /* AudioStreamMgr.m */ = {isa = PBXFileReference; lastKnownFileType = sourcecode.c.objc; path = AudioStreamMgr.m; sourceTree = "<group>"; };
		63A24F7423CD7BCE00D2ADC4 /* ASRInputStream.mm */ = {isa = PBXFileReference; fileEncoding = 4; lastKnownFileType = sourcecode.cpp.objcpp; path = ASRInputStream.mm; sourceTree = "<group>"; };
		63A24F7823CD914900D2ADC4 /* BDSWakeupParameters.h */ = {isa = PBXFileReference; fileEncoding = 4; lastKnownFileType = sourcecode.c.h; path = BDSWakeupParameters.h; sourceTree = "<group>"; };
		63A24F7923CD914900D2ADC4 /* BDSASRParameters.h */ = {isa = PBXFileReference; fileEncoding = 4; lastKnownFileType = sourcecode.c.h; path = BDSASRParameters.h; sourceTree = "<group>"; };
		63A24F7A23CD914900D2ADC4 /* BDSEventManager.h */ = {isa = PBXFileReference; fileEncoding = 4; lastKnownFileType = sourcecode.c.h; path = BDSEventManager.h; sourceTree = "<group>"; };
		63A24F7B23CD914900D2ADC4 /* .gitIgnore */ = {isa = PBXFileReference; fileEncoding = 4; lastKnownFileType = text; path = .gitIgnore; sourceTree = "<group>"; };
		63A24F7C23CD914900D2ADC4 /* BDSUploaderDefines.h */ = {isa = PBXFileReference; fileEncoding = 4; lastKnownFileType = sourcecode.c.h; path = BDSUploaderDefines.h; sourceTree = "<group>"; };
		63A24F7D23CD914900D2ADC4 /* BDSASRDefines.h */ = {isa = PBXFileReference; fileEncoding = 4; lastKnownFileType = sourcecode.c.h; path = BDSASRDefines.h; sourceTree = "<group>"; };
		63A24F7E23CD914900D2ADC4 /* BDSUploaderParameters.h */ = {isa = PBXFileReference; fileEncoding = 4; lastKnownFileType = sourcecode.c.h; path = BDSUploaderParameters.h; sourceTree = "<group>"; };
		63A24F7F23CD914900D2ADC4 /* BDSWakeupDefines.h */ = {isa = PBXFileReference; fileEncoding = 4; lastKnownFileType = sourcecode.c.h; path = BDSWakeupDefines.h; sourceTree = "<group>"; };
		63A24F8123CD914900D2ADC4 /* BDRecognizerViewParamsObject.h */ = {isa = PBXFileReference; fileEncoding = 4; lastKnownFileType = sourcecode.c.h; path = BDRecognizerViewParamsObject.h; sourceTree = "<group>"; };
		63A24F8223CD914900D2ADC4 /* BDRecognizerViewController.h */ = {isa = PBXFileReference; fileEncoding = 4; lastKnownFileType = sourcecode.c.h; path = BDRecognizerViewController.h; sourceTree = "<group>"; };
		63A24F8323CD914900D2ADC4 /* BDTheme.h */ = {isa = PBXFileReference; fileEncoding = 4; lastKnownFileType = sourcecode.c.h; path = BDTheme.h; sourceTree = "<group>"; };
		63A24F8423CD914900D2ADC4 /* BDRecognizerViewDelegate.h */ = {isa = PBXFileReference; fileEncoding = 4; lastKnownFileType = sourcecode.c.h; path = BDRecognizerViewDelegate.h; sourceTree = "<group>"; };
		63A24F9123CD91CC00D2ADC4 /* AsrManager.h */ = {isa = PBXFileReference; lastKnownFileType = sourcecode.c.h; path = AsrManager.h; sourceTree = "<group>"; };
		63A24F9323CD920500D2ADC4 /* AsrManager.m */ = {isa = PBXFileReference; lastKnownFileType = sourcecode.c.objc; path = AsrManager.m; sourceTree = "<group>"; };
		63B0C3D523FD1AB6002C53F0 /* AcmAssistant.h */ = {isa = PBXFileReference; lastKnownFileType = sourcecode.c.h; path = AcmAssistant.h; sourceTree = "<group>"; };
		63B0C3D723FD1AC5002C53F0 /* AcmAssistant.m */ = {isa = PBXFileReference; lastKnownFileType = sourcecode.c.objc; path = AcmAssistant.m; sourceTree = "<group>"; };
		63B0C3D923FD277C002C53F0 /* VoiceConfig.h */ = {isa = PBXFileReference; lastKnownFileType = sourcecode.c.h; path = VoiceConfig.h; sourceTree = "<group>"; };
		63B0C3DB23FD2957002C53F0 /* VoiceConfig.m */ = {isa = PBXFileReference; lastKnownFileType = sourcecode.c.objc; path = VoiceConfig.m; sourceTree = "<group>"; };
		63B3565123BDE3900034F54B /* ACM.framework */ = {isa = PBXFileReference; explicitFileType = wrapper.framework; includeInIndex = 0; path = ACM.framework; sourceTree = BUILT_PRODUCTS_DIR; };
		63B3565423BDE3900034F54B /* ACM.h */ = {isa = PBXFileReference; lastKnownFileType = sourcecode.c.h; path = ACM.h; sourceTree = "<group>"; };
		63B3565523BDE3900034F54B /* Info.plist */ = {isa = PBXFileReference; lastKnownFileType = text.plist.xml; path = Info.plist; sourceTree = "<group>"; };
		63B3565A23BDE3900034F54B /* ACMTests.xctest */ = {isa = PBXFileReference; explicitFileType = wrapper.cfbundle; includeInIndex = 0; path = ACMTests.xctest; sourceTree = BUILT_PRODUCTS_DIR; };
		63B3565F23BDE3900034F54B /* ACMTests.m */ = {isa = PBXFileReference; lastKnownFileType = sourcecode.c.objc; path = ACMTests.m; sourceTree = "<group>"; };
		63B3566123BDE3900034F54B /* Info.plist */ = {isa = PBXFileReference; lastKnownFileType = text.plist.xml; path = Info.plist; sourceTree = "<group>"; };
		63B356AB23BE38970034F54B /* ACM.m */ = {isa = PBXFileReference; lastKnownFileType = sourcecode.c.objc; path = ACM.m; sourceTree = "<group>"; };
		63B356B423BE53560034F54B /* libc++.tbd */ = {isa = PBXFileReference; lastKnownFileType = "sourcecode.text-based-dylib-definition"; name = "libc++.tbd"; path = "usr/lib/libc++.tbd"; sourceTree = SDKROOT; };
		63B356B623BE53660034F54B /* libresolv.tbd */ = {isa = PBXFileReference; lastKnownFileType = "sourcecode.text-based-dylib-definition"; name = libresolv.tbd; path = usr/lib/libresolv.tbd; sourceTree = SDKROOT; };
		63B356B823BE53700034F54B /* SystemConfiguration.framework */ = {isa = PBXFileReference; lastKnownFileType = wrapper.framework; name = SystemConfiguration.framework; path = System/Library/Frameworks/SystemConfiguration.framework; sourceTree = SDKROOT; };
		63B356BA23BE537A0034F54B /* CoreTelephony.framework */ = {isa = PBXFileReference; lastKnownFileType = wrapper.framework; name = CoreTelephony.framework; path = System/Library/Frameworks/CoreTelephony.framework; sourceTree = SDKROOT; };
		63B356BD23BE55290034F54B /* RunTimeMsgManager.m */ = {isa = PBXFileReference; lastKnownFileType = sourcecode.c.objc; path = RunTimeMsgManager.m; sourceTree = "<group>"; };
		63B356BF23BE553B0034F54B /* RunTimeMsgManager.h */ = {isa = PBXFileReference; lastKnownFileType = sourcecode.c.h; path = RunTimeMsgManager.h; sourceTree = "<group>"; };
		63B356C123BE56B20034F54B /* IACMCallBack.h */ = {isa = PBXFileReference; lastKnownFileType = sourcecode.c.h; path = IACMCallBack.h; sourceTree = "<group>"; };
		63B356C923BE615D0034F54B /* AgoraRtmKit.framework */ = {isa = PBXFileReference; lastKnownFileType = wrapper.framework; name = AgoraRtmKit.framework; path = ../../../../agsdks/libs/AgoraRtmKit.framework; sourceTree = "<group>"; };
		63B3572B23BF247C0034F54B /* RtcManager.h */ = {isa = PBXFileReference; lastKnownFileType = sourcecode.c.h; path = RtcManager.h; sourceTree = "<group>"; };
		63B3572D23BF24920034F54B /* RtcManager.m */ = {isa = PBXFileReference; lastKnownFileType = sourcecode.c.objc; path = RtcManager.m; sourceTree = "<group>"; };
		63B3572F23BF24AD0034F54B /* IRTCCallBack.h */ = {isa = PBXFileReference; lastKnownFileType = sourcecode.c.h; path = IRTCCallBack.h; sourceTree = "<group>"; };
		63B3579023C45F290034F54B /* ACMAction.h */ = {isa = PBXFileReference; lastKnownFileType = sourcecode.c.h; path = ACMAction.h; sourceTree = "<group>"; };
		63B3579223C468730034F54B /* ACMAction.m */ = {isa = PBXFileReference; lastKnownFileType = sourcecode.c.objc; path = ACMAction.m; sourceTree = "<group>"; };
		63B3579423C4692F0034F54B /* ActionManager.h */ = {isa = PBXFileReference; lastKnownFileType = sourcecode.c.h; path = ActionManager.h; sourceTree = "<group>"; };
		63B3579623C469400034F54B /* ActionManager.m */ = {isa = PBXFileReference; lastKnownFileType = sourcecode.c.objc; path = ActionManager.m; sourceTree = "<group>"; };
		63B3579823C46BE30034F54B /* EventData.h */ = {isa = PBXFileReference; lastKnownFileType = sourcecode.c.h; path = EventData.h; sourceTree = "<group>"; };
		63B3579A23C46C8C0034F54B /* ACMCommon.h */ = {isa = PBXFileReference; lastKnownFileType = sourcecode.c.h; path = ACMCommon.h; sourceTree = "<group>"; };
		63B3579C23C474C50034F54B /* SDKInitAction.h */ = {isa = PBXFileReference; lastKnownFileType = sourcecode.c.h; path = SDKInitAction.h; sourceTree = "<group>"; };
		63B3579E23C475B80034F54B /* SDKInitAction.m */ = {isa = PBXFileReference; lastKnownFileType = sourcecode.c.objc; path = SDKInitAction.m; sourceTree = "<group>"; };
		63B357A723C4B1B30034F54B /* LoginAction.h */ = {isa = PBXFileReference; lastKnownFileType = sourcecode.c.h; path = LoginAction.h; sourceTree = "<group>"; };
		63B357A923C4B1C40034F54B /* LoginAction.m */ = {isa = PBXFileReference; lastKnownFileType = sourcecode.c.objc; path = LoginAction.m; sourceTree = "<group>"; };
		63B357AB23C4C7480034F54B /* MonitorAction.h */ = {isa = PBXFileReference; lastKnownFileType = sourcecode.c.h; path = MonitorAction.h; sourceTree = "<group>"; };
		63B357AD23C4C75B0034F54B /* MonitorAction.m */ = {isa = PBXFileReference; lastKnownFileType = sourcecode.c.objc; path = MonitorAction.m; sourceTree = "<group>"; };
		63B357B023C5E69C0034F54B /* DialAction.h */ = {isa = PBXFileReference; lastKnownFileType = sourcecode.c.h; path = DialAction.h; sourceTree = "<group>"; };
		63B357B223C5E6AE0034F54B /* DialAction.m */ = {isa = PBXFileReference; lastKnownFileType = sourcecode.c.objc; path = DialAction.m; sourceTree = "<group>"; };
		63B357B623C6D2CF0034F54B /* ApnsMessageManager.h */ = {isa = PBXFileReference; lastKnownFileType = sourcecode.c.h; path = ApnsMessageManager.h; sourceTree = "<group>"; };
		63B357B823C6D2E40034F54B /* ApnsMessageManager.m */ = {isa = PBXFileReference; lastKnownFileType = sourcecode.c.objc; path = ApnsMessageManager.m; sourceTree = "<group>"; };
		63B357BB23C6D8630034F54B /* Call.h */ = {isa = PBXFileReference; lastKnownFileType = sourcecode.c.h; path = Call.h; sourceTree = "<group>"; };
		63B357BD23C6D8770034F54B /* Call.m */ = {isa = PBXFileReference; lastKnownFileType = sourcecode.c.objc; path = Call.m; sourceTree = "<group>"; };
		63B357BF23C6D88B0034F54B /* CallManager.h */ = {isa = PBXFileReference; lastKnownFileType = sourcecode.c.h; path = CallManager.h; sourceTree = "<group>"; };
		63B357C123C6D89C0034F54B /* CallManager.m */ = {isa = PBXFileReference; lastKnownFileType = sourcecode.c.objc; path = CallManager.m; sourceTree = "<group>"; };
		63B357C323C81C6E0034F54B /* ACMEnums.h */ = {isa = PBXFileReference; lastKnownFileType = sourcecode.c.h; path = ACMEnums.h; sourceTree = "<group>"; };
		63B357C723C8B49D0034F54B /* InComeDialAction.h */ = {isa = PBXFileReference; lastKnownFileType = sourcecode.c.h; path = InComeDialAction.h; sourceTree = "<group>"; };
		63B357C923C8B4AA0034F54B /* InComeDialAction.m */ = {isa = PBXFileReference; lastKnownFileType = sourcecode.c.objc; path = InComeDialAction.m; sourceTree = "<group>"; };
		63B357CB23C8BC970034F54B /* OnPhoneAction.h */ = {isa = PBXFileReference; lastKnownFileType = sourcecode.c.h; path = OnPhoneAction.h; sourceTree = "<group>"; };
		63B357CD23C8BCAC0034F54B /* OnPhoneAction.m */ = {isa = PBXFileReference; lastKnownFileType = sourcecode.c.objc; path = OnPhoneAction.m; sourceTree = "<group>"; };
		63C8F0F923F69F790028D7C7 /* CallEventEnum.h */ = {isa = PBXFileReference; lastKnownFileType = sourcecode.c.h; path = CallEventEnum.h; sourceTree = "<group>"; };
		63FE533523E2DF3B009D4F1E /* AcmCall.h */ = {isa = PBXFileReference; lastKnownFileType = sourcecode.c.h; path = AcmCall.h; sourceTree = "<group>"; };
		63FE533723E2E094009D4F1E /* AcmCall.m */ = {isa = PBXFileReference; lastKnownFileType = sourcecode.c.objc; path = AcmCall.m; sourceTree = "<group>"; };
/* End PBXFileReference section */

/* Begin PBXFrameworksBuildPhase section */
		63B3564E23BDE3900034F54B /* Frameworks */ = {
			isa = PBXFrameworksBuildPhase;
			buildActionMask = 2147483647;
			files = (
				63B356BB23BE537A0034F54B /* CoreTelephony.framework in Frameworks */,
				63B356B923BE53700034F54B /* SystemConfiguration.framework in Frameworks */,
				63B356B723BE53660034F54B /* libresolv.tbd in Frameworks */,
				63B356B523BE53560034F54B /* libc++.tbd in Frameworks */,
			);
			runOnlyForDeploymentPostprocessing = 0;
		};
		63B3565723BDE3900034F54B /* Frameworks */ = {
			isa = PBXFrameworksBuildPhase;
			buildActionMask = 2147483647;
			files = (
				63B3565B23BDE3900034F54B /* ACM.framework in Frameworks */,
			);
			runOnlyForDeploymentPostprocessing = 0;
		};
/* End PBXFrameworksBuildPhase section */

/* Begin PBXGroup section */
		6349E8D123D15629009EEE99 /* TTS */ = {
			isa = PBXGroup;
			children = (
				6349E8D223D15685009EEE99 /* BDSClientHeaders */,
				6349E8E823D157A2009EEE99 /* TtsManager.h */,
				6349E8EA23D157B4009EEE99 /* TtsManager.m */,
			);
			path = TTS;
			sourceTree = "<group>";
		};
		6349E8D223D15685009EEE99 /* BDSClientHeaders */ = {
			isa = PBXGroup;
			children = (
				6349E8D323D15685009EEE99 /* TTS */,
			);
			path = BDSClientHeaders;
			sourceTree = "<group>";
		};
		6349E8D323D15685009EEE99 /* TTS */ = {
			isa = PBXGroup;
			children = (
				6349E8D423D15685009EEE99 /* BDSSynthesizerStatusNotifications.h */,
				6349E8D523D15685009EEE99 /* BDSSpeechSynthesizerDelegate.h */,
				6349E8D623D15685009EEE99 /* BDS_EttsModelManagerInterface.h */,
				6349E8D723D15685009EEE99 /* BDSBuiltInPlayer.h */,
				6349E8D823D15685009EEE99 /* BDSMixedModeSynthesizer.h */,
				6349E8D923D15685009EEE99 /* BDSSpeechSynthesizer.h */,
				6349E8DA23D15685009EEE99 /* BDSSpeechSynthesizerParams.h */,
				6349E8DB23D15685009EEE99 /* BDSSynthesizerLogLevel.h */,
				6349E8DC23D15685009EEE99 /* BDSTTSEventManager.h */,
				6349E8DD23D15685009EEE99 /* BDSSpeechSynthesizerErrors.h */,
			);
			path = TTS;
			sourceTree = "<group>";
		};
		63A24F4623CB5A3100D2ADC4 /* Assistant */ = {
			isa = PBXGroup;
			children = (
				63A24F4923CB5ACC00D2ADC4 /* AnswerAssistant.h */,
				63A24F4B23CB5C6300D2ADC4 /* AnswerAssistant.m */,
				63A24F4723CB5A9200D2ADC4 /* Assistant.h */,
				6349E8EC23D18490009EEE99 /* Assistant.m */,
				6349E8F223D1BFC1009EEE99 /* TtsFileManager.h */,
				6349E8F423D1BFDE009EEE99 /* TtsFileManager.m */,
				6349E8F623D1CAB9009EEE99 /* AssistantEnum.h */,
				6349E8FC23D1FBC4009EEE99 /* AssistantItem.h */,
				6349E8FE23D313AB009EEE99 /* AssistantItem.m */,
				6349E90023D341A8009EEE99 /* TtsFileTasks.h */,
				6349E90223D342E0009EEE99 /* TtsFileTasks.m */,
				630F77D623D545960071DF9F /* AuditTask.h */,
				630F77D823D545A90071DF9F /* AuditTask.m */,
				630F77DC23D570C80071DF9F /* UpDateConfigTask.h */,
				630F77DE23D570D40071DF9F /* UpDateConfigTask.m */,
				63155E9523D7E36F000762DA /* AssistantCallback.h */,
				6390308C23EBC13C00D10CAE /* DialAssistant.h */,
				6390308E23EBC14800D10CAE /* DialAssistant.m */,
				63B0C3D523FD1AB6002C53F0 /* AcmAssistant.h */,
				63B0C3D723FD1AC5002C53F0 /* AcmAssistant.m */,
				63B0C3D923FD277C002C53F0 /* VoiceConfig.h */,
				63B0C3DB23FD2957002C53F0 /* VoiceConfig.m */,
			);
			path = Assistant;
			sourceTree = "<group>";
		};
		63A24F4D23CC7A9A00D2ADC4 /* ASR */ = {
			isa = PBXGroup;
			children = (
				63A24F7623CD914900D2ADC4 /* BDSClientHeaders */,
				63A24F6923CCD99D00D2ADC4 /* ExternalAudio.h */,
				63A24F6823CCD99D00D2ADC4 /* ExternalAudio.mm */,
				63A24F5423CC7CF700D2ADC4 /* AudioDataQueue.cpp */,
				63A24F5223CC7B6A00D2ADC4 /* AudioDataQueue.hpp */,
				63A24F4F23CC7B3300D2ADC4 /* AudioInputStream.h */,
				63A24F4E23CC7B3300D2ADC4 /* AudioInputStream.mm */,
				63A24F5623CC7D8A00D2ADC4 /* ACMAudioInputStream.h */,
				63A24F5823CC7D9900D2ADC4 /* ACMAudioInputStream.m */,
				63A24F6423CCC81D00D2ADC4 /* AudioController.h */,
				63A24F6623CCC83100D2ADC4 /* AudioController.m */,
				63A24F6C23CD592300D2ADC4 /* ASRInputStream.h */,
				63A24F7423CD7BCE00D2ADC4 /* ASRInputStream.mm */,
				63A24F7023CD607000D2ADC4 /* AudioStreamMgr.h */,
				63A24F7223CD634400D2ADC4 /* AudioStreamMgr.m */,
				63A24F9123CD91CC00D2ADC4 /* AsrManager.h */,
				63A24F9323CD920500D2ADC4 /* AsrManager.m */,
			);
			path = ASR;
			sourceTree = "<group>";
		};
		63A24F7623CD914900D2ADC4 /* BDSClientHeaders */ = {
			isa = PBXGroup;
			children = (
				63A24F7723CD914900D2ADC4 /* ASR */,
			);
			path = BDSClientHeaders;
			sourceTree = "<group>";
		};
		63A24F7723CD914900D2ADC4 /* ASR */ = {
			isa = PBXGroup;
			children = (
				63A24F7823CD914900D2ADC4 /* BDSWakeupParameters.h */,
				63A24F7923CD914900D2ADC4 /* BDSASRParameters.h */,
				63A24F7A23CD914900D2ADC4 /* BDSEventManager.h */,
				63A24F7B23CD914900D2ADC4 /* .gitIgnore */,
				63A24F7C23CD914900D2ADC4 /* BDSUploaderDefines.h */,
				63A24F7D23CD914900D2ADC4 /* BDSASRDefines.h */,
				63A24F7E23CD914900D2ADC4 /* BDSUploaderParameters.h */,
				63A24F7F23CD914900D2ADC4 /* BDSWakeupDefines.h */,
				63A24F8023CD914900D2ADC4 /* UIHeaders */,
			);
			path = ASR;
			sourceTree = "<group>";
		};
		63A24F8023CD914900D2ADC4 /* UIHeaders */ = {
			isa = PBXGroup;
			children = (
				63A24F8123CD914900D2ADC4 /* BDRecognizerViewParamsObject.h */,
				63A24F8223CD914900D2ADC4 /* BDRecognizerViewController.h */,
				63A24F8323CD914900D2ADC4 /* BDTheme.h */,
				63A24F8423CD914900D2ADC4 /* BDRecognizerViewDelegate.h */,
			);
			path = UIHeaders;
			sourceTree = "<group>";
		};
		63B3564723BDE3900034F54B = {
			isa = PBXGroup;
			children = (
				63B3565323BDE3900034F54B /* ACM */,
				63B3565E23BDE3900034F54B /* ACMTests */,
				63B3565223BDE3900034F54B /* Products */,
				63B356B123BE53130034F54B /* Frameworks */,
			);
			sourceTree = "<group>";
		};
		63B3565223BDE3900034F54B /* Products */ = {
			isa = PBXGroup;
			children = (
				63B3565123BDE3900034F54B /* ACM.framework */,
				63B3565A23BDE3900034F54B /* ACMTests.xctest */,
			);
			name = Products;
			sourceTree = "<group>";
		};
		63B3565323BDE3900034F54B /* ACM */ = {
			isa = PBXGroup;
			children = (
				6349E8D123D15629009EEE99 /* TTS */,
				63A24F4D23CC7A9A00D2ADC4 /* ASR */,
				63A24F4623CB5A3100D2ADC4 /* Assistant */,
				63B357BA23C6D8080034F54B /* Call */,
				63B3578F23C45EBA0034F54B /* Action */,
				63B3572A23BF24140034F54B /* RTC */,
				63B356BC23BE55050034F54B /* Message */,
				63B3565423BDE3900034F54B /* ACM.h */,
				63B3565523BDE3900034F54B /* Info.plist */,
				63B3572F23BF24AD0034F54B /* IRTCCallBack.h */,
				63B356C123BE56B20034F54B /* IACMCallBack.h */,
				63B356AB23BE38970034F54B /* ACM.m */,
				63B3579A23C46C8C0034F54B /* ACMCommon.h */,
				63B357C323C81C6E0034F54B /* ACMEnums.h */,
			);
			path = ACM;
			sourceTree = "<group>";
		};
		63B3565E23BDE3900034F54B /* ACMTests */ = {
			isa = PBXGroup;
			children = (
				63B3565F23BDE3900034F54B /* ACMTests.m */,
				63B3566123BDE3900034F54B /* Info.plist */,
			);
			path = ACMTests;
			sourceTree = "<group>";
		};
		63B356B123BE53130034F54B /* Frameworks */ = {
			isa = PBXGroup;
			children = (
				63B356C923BE615D0034F54B /* AgoraRtmKit.framework */,
				63B356BA23BE537A0034F54B /* CoreTelephony.framework */,
				63B356B823BE53700034F54B /* SystemConfiguration.framework */,
				63B356B623BE53660034F54B /* libresolv.tbd */,
				63B356B423BE53560034F54B /* libc++.tbd */,
			);
			name = Frameworks;
			sourceTree = "<group>";
		};
		63B356BC23BE55050034F54B /* Message */ = {
			isa = PBXGroup;
			children = (
				63B356BD23BE55290034F54B /* RunTimeMsgManager.m */,
				63B356BF23BE553B0034F54B /* RunTimeMsgManager.h */,
				63B357B623C6D2CF0034F54B /* ApnsMessageManager.h */,
				63B357B823C6D2E40034F54B /* ApnsMessageManager.m */,
				6338001623E13EEE00679F83 /* HttpUtil.h */,
				6338001823E13F1A00679F83 /* HttpUtil.m */,
			);
			path = Message;
			sourceTree = "<group>";
		};
		63B3572A23BF24140034F54B /* RTC */ = {
			isa = PBXGroup;
			children = (
				63B3572B23BF247C0034F54B /* RtcManager.h */,
				63B3572D23BF24920034F54B /* RtcManager.m */,
			);
			path = RTC;
			sourceTree = "<group>";
		};
		63B3578F23C45EBA0034F54B /* Action */ = {
			isa = PBXGroup;
			children = (
				63B3579023C45F290034F54B /* ACMAction.h */,
				63B3579223C468730034F54B /* ACMAction.m */,
				63B3579423C4692F0034F54B /* ActionManager.h */,
				63B3579623C469400034F54B /* ActionManager.m */,
				63B3579823C46BE30034F54B /* EventData.h */,
				63B3579C23C474C50034F54B /* SDKInitAction.h */,
				63B3579E23C475B80034F54B /* SDKInitAction.m */,
				63B357A723C4B1B30034F54B /* LoginAction.h */,
				63B357A923C4B1C40034F54B /* LoginAction.m */,
				63B357AB23C4C7480034F54B /* MonitorAction.h */,
				63B357AD23C4C75B0034F54B /* MonitorAction.m */,
				63B357B023C5E69C0034F54B /* DialAction.h */,
				63B357B223C5E6AE0034F54B /* DialAction.m */,
				63B357C723C8B49D0034F54B /* InComeDialAction.h */,
				63B357C923C8B4AA0034F54B /* InComeDialAction.m */,
				63B357CB23C8BC970034F54B /* OnPhoneAction.h */,
				63B357CD23C8BCAC0034F54B /* OnPhoneAction.m */,
			);
			path = Action;
			sourceTree = "<group>";
		};
		63B357BA23C6D8080034F54B /* Call */ = {
			isa = PBXGroup;
			children = (
				63B357BB23C6D8630034F54B /* Call.h */,
				63B357BD23C6D8770034F54B /* Call.m */,
				63B357BF23C6D88B0034F54B /* CallManager.h */,
				63B357C123C6D89C0034F54B /* CallManager.m */,
				63FE533523E2DF3B009D4F1E /* AcmCall.h */,
				63FE533723E2E094009D4F1E /* AcmCall.m */,
				63C8F0F923F69F790028D7C7 /* CallEventEnum.h */,
			);
			path = Call;
			sourceTree = "<group>";
		};
/* End PBXGroup section */

/* Begin PBXHeadersBuildPhase section */
		63B3564C23BDE3900034F54B /* Headers */ = {
			isa = PBXHeadersBuildPhase;
			buildActionMask = 2147483647;
			files = (
				6349E8DE23D15685009EEE99 /* BDSSynthesizerStatusNotifications.h in Headers */,
				63B357BC23C6D8630034F54B /* Call.h in Headers */,
				63A24F8E23CD914900D2ADC4 /* BDRecognizerViewController.h in Headers */,
				63A24F9023CD914900D2ADC4 /* BDRecognizerViewDelegate.h in Headers */,
				63A24F9223CD91CC00D2ADC4 /* AsrManager.h in Headers */,
				6349E90123D341A8009EEE99 /* TtsFileTasks.h in Headers */,
				63B3579123C45F290034F54B /* ACMAction.h in Headers */,
				6349E8F723D1CAB9009EEE99 /* AssistantEnum.h in Headers */,
				63B0C3DA23FD277C002C53F0 /* VoiceConfig.h in Headers */,
				63A24F4823CB5A9200D2ADC4 /* Assistant.h in Headers */,
				63B0C3D623FD1AB6002C53F0 /* AcmAssistant.h in Headers */,
				63A24F4A23CB5ACC00D2ADC4 /* AnswerAssistant.h in Headers */,
				63155E9623D7E36F000762DA /* AssistantCallback.h in Headers */,
				6349E8FD23D1FBC4009EEE99 /* AssistantItem.h in Headers */,
				6390308D23EBC13C00D10CAE /* DialAssistant.h in Headers */,
				63A24F5723CC7D8A00D2ADC4 /* ACMAudioInputStream.h in Headers */,
				63A24F5323CC7B6A00D2ADC4 /* AudioDataQueue.hpp in Headers */,
				63A24F6B23CCD99E00D2ADC4 /* ExternalAudio.h in Headers */,
				63A24F8623CD914900D2ADC4 /* BDSASRParameters.h in Headers */,
				6349E8E023D15685009EEE99 /* BDS_EttsModelManagerInterface.h in Headers */,
				63B356C223BE56B20034F54B /* IACMCallBack.h in Headers */,
				63B357C423C81C6E0034F54B /* ACMEnums.h in Headers */,
				63A24F5123CC7B3300D2ADC4 /* AudioInputStream.h in Headers */,
				630F77DD23D570C80071DF9F /* UpDateConfigTask.h in Headers */,
				6349E8E623D15685009EEE99 /* BDSTTSEventManager.h in Headers */,
				63B357C823C8B49D0034F54B /* InComeDialAction.h in Headers */,
				63A24F7123CD607000D2ADC4 /* AudioStreamMgr.h in Headers */,
				6349E8E723D15685009EEE99 /* BDSSpeechSynthesizerErrors.h in Headers */,
				63FE533623E2DF3B009D4F1E /* AcmCall.h in Headers */,
				63B3573023BF24AD0034F54B /* IRTCCallBack.h in Headers */,
				6349E8DF23D15685009EEE99 /* BDSSpeechSynthesizerDelegate.h in Headers */,
				63B357B723C6D2CF0034F54B /* ApnsMessageManager.h in Headers */,
				63C8F0FA23F69F790028D7C7 /* CallEventEnum.h in Headers */,
				63B3579523C4692F0034F54B /* ActionManager.h in Headers */,
				6349E8E223D15685009EEE99 /* BDSMixedModeSynthesizer.h in Headers */,
				6349E8E423D15685009EEE99 /* BDSSpeechSynthesizerParams.h in Headers */,
				63A24F8723CD914900D2ADC4 /* BDSEventManager.h in Headers */,
				63B3572C23BF247C0034F54B /* RtcManager.h in Headers */,
				63A24F8523CD914900D2ADC4 /* BDSWakeupParameters.h in Headers */,
				63B357B123C5E69C0034F54B /* DialAction.h in Headers */,
				63B357A823C4B1B30034F54B /* LoginAction.h in Headers */,
				63B3579923C46BE30034F54B /* EventData.h in Headers */,
				6349E8F323D1BFC1009EEE99 /* TtsFileManager.h in Headers */,
				63B357C023C6D88B0034F54B /* CallManager.h in Headers */,
				63B357CC23C8BC970034F54B /* OnPhoneAction.h in Headers */,
				63A24F8D23CD914900D2ADC4 /* BDRecognizerViewParamsObject.h in Headers */,
				6349E8E923D157A2009EEE99 /* TtsManager.h in Headers */,
				63A24F8C23CD914900D2ADC4 /* BDSWakeupDefines.h in Headers */,
				6349E8E323D15685009EEE99 /* BDSSpeechSynthesizer.h in Headers */,
				63A24F8B23CD914900D2ADC4 /* BDSUploaderParameters.h in Headers */,
				630F77D723D545960071DF9F /* AuditTask.h in Headers */,
				63A24F8A23CD914900D2ADC4 /* BDSASRDefines.h in Headers */,
				63B3566223BDE3900034F54B /* ACM.h in Headers */,
				63B3579D23C474C50034F54B /* SDKInitAction.h in Headers */,
				6338001723E13EEE00679F83 /* HttpUtil.h in Headers */,
				63A24F6D23CD592300D2ADC4 /* ASRInputStream.h in Headers */,
				63B356C023BE553B0034F54B /* RunTimeMsgManager.h in Headers */,
				6349E8E523D15685009EEE99 /* BDSSynthesizerLogLevel.h in Headers */,
				63A24F6523CCC81D00D2ADC4 /* AudioController.h in Headers */,
				63A24F8923CD914900D2ADC4 /* BDSUploaderDefines.h in Headers */,
				63B3579B23C46C8C0034F54B /* ACMCommon.h in Headers */,
				6349E8E123D15685009EEE99 /* BDSBuiltInPlayer.h in Headers */,
				63A24F8F23CD914900D2ADC4 /* BDTheme.h in Headers */,
				63B357AC23C4C7480034F54B /* MonitorAction.h in Headers */,
			);
			runOnlyForDeploymentPostprocessing = 0;
		};
/* End PBXHeadersBuildPhase section */

/* Begin PBXNativeTarget section */
		63B3565023BDE3900034F54B /* ACM */ = {
			isa = PBXNativeTarget;
			buildConfigurationList = 63B3566523BDE3900034F54B /* Build configuration list for PBXNativeTarget "ACM" */;
			buildPhases = (
				63B3564C23BDE3900034F54B /* Headers */,
				63B3564D23BDE3900034F54B /* Sources */,
				63B3564E23BDE3900034F54B /* Frameworks */,
				63B3564F23BDE3900034F54B /* Resources */,
			);
			buildRules = (
			);
			dependencies = (
			);
			name = ACM;
			productName = ACM;
			productReference = 63B3565123BDE3900034F54B /* ACM.framework */;
			productType = "com.apple.product-type.framework";
		};
		63B3565923BDE3900034F54B /* ACMTests */ = {
			isa = PBXNativeTarget;
			buildConfigurationList = 63B3566823BDE3900034F54B /* Build configuration list for PBXNativeTarget "ACMTests" */;
			buildPhases = (
				63B3565623BDE3900034F54B /* Sources */,
				63B3565723BDE3900034F54B /* Frameworks */,
				63B3565823BDE3900034F54B /* Resources */,
			);
			buildRules = (
			);
			dependencies = (
				63B3565D23BDE3900034F54B /* PBXTargetDependency */,
			);
			name = ACMTests;
			productName = ACMTests;
			productReference = 63B3565A23BDE3900034F54B /* ACMTests.xctest */;
			productType = "com.apple.product-type.bundle.unit-test";
		};
/* End PBXNativeTarget section */

/* Begin PBXProject section */
		63B3564823BDE3900034F54B /* Project object */ = {
			isa = PBXProject;
			attributes = {
				LastUpgradeCheck = 1020;
				ORGANIZATIONNAME = genetek;
				TargetAttributes = {
					63B3565023BDE3900034F54B = {
						CreatedOnToolsVersion = 10.2.1;
					};
					63B3565923BDE3900034F54B = {
						CreatedOnToolsVersion = 10.2.1;
					};
				};
			};
			buildConfigurationList = 63B3564B23BDE3900034F54B /* Build configuration list for PBXProject "ACM" */;
			compatibilityVersion = "Xcode 9.3";
			developmentRegion = en;
			hasScannedForEncodings = 0;
			knownRegions = (
				en,
			);
			mainGroup = 63B3564723BDE3900034F54B;
			productRefGroup = 63B3565223BDE3900034F54B /* Products */;
			projectDirPath = "";
			projectRoot = "";
			targets = (
				63B3565023BDE3900034F54B /* ACM */,
				63B3565923BDE3900034F54B /* ACMTests */,
			);
		};
/* End PBXProject section */

/* Begin PBXResourcesBuildPhase section */
		63B3564F23BDE3900034F54B /* Resources */ = {
			isa = PBXResourcesBuildPhase;
			buildActionMask = 2147483647;
			files = (
				63A24F8823CD914900D2ADC4 /* .gitIgnore in Resources */,
			);
			runOnlyForDeploymentPostprocessing = 0;
		};
		63B3565823BDE3900034F54B /* Resources */ = {
			isa = PBXResourcesBuildPhase;
			buildActionMask = 2147483647;
			files = (
			);
			runOnlyForDeploymentPostprocessing = 0;
		};
/* End PBXResourcesBuildPhase section */

/* Begin PBXSourcesBuildPhase section */
		63B3564D23BDE3900034F54B /* Sources */ = {
			isa = PBXSourcesBuildPhase;
			buildActionMask = 2147483647;
			files = (
				63A24F9423CD920500D2ADC4 /* AsrManager.m in Sources */,
				63B357CA23C8B4AA0034F54B /* InComeDialAction.m in Sources */,
				63B357AE23C4C75B0034F54B /* MonitorAction.m in Sources */,
				63B357BE23C6D8770034F54B /* Call.m in Sources */,
				63A24F7523CD7BCE00D2ADC4 /* ASRInputStream.mm in Sources */,
				63B3579F23C475B80034F54B /* SDKInitAction.m in Sources */,
				63B357AA23C4B1C40034F54B /* LoginAction.m in Sources */,
				6338001923E13F1A00679F83 /* HttpUtil.m in Sources */,
				63A24F6723CCC83100D2ADC4 /* AudioController.m in Sources */,
				63A24F5523CC7CF700D2ADC4 /* AudioDataQueue.cpp in Sources */,
				6349E90323D342E0009EEE99 /* TtsFileTasks.m in Sources */,
				63B357CE23C8BCAC0034F54B /* OnPhoneAction.m in Sources */,
				63B357B923C6D2E40034F54B /* ApnsMessageManager.m in Sources */,
				63A24F6A23CCD99E00D2ADC4 /* ExternalAudio.mm in Sources */,
				6390308F23EBC14800D10CAE /* DialAssistant.m in Sources */,
				63A24F4C23CB5C6300D2ADC4 /* AnswerAssistant.m in Sources */,
				6349E8F523D1BFDE009EEE99 /* TtsFileManager.m in Sources */,
				63B356BE23BE55290034F54B /* RunTimeMsgManager.m in Sources */,
				63FE533823E2E094009D4F1E /* AcmCall.m in Sources */,
				63A24F5023CC7B3300D2ADC4 /* AudioInputStream.mm in Sources */,
				63B0C3D823FD1AC5002C53F0 /* AcmAssistant.m in Sources */,
				6349E8ED23D18490009EEE99 /* Assistant.m in Sources */,
				63A24F5923CC7D9900D2ADC4 /* ACMAudioInputStream.m in Sources */,
				6349E8FF23D313AB009EEE99 /* AssistantItem.m in Sources */,
				63B3579323C468730034F54B /* ACMAction.m in Sources */,
				630F77DF23D570D40071DF9F /* UpDateConfigTask.m in Sources */,
				63B356AC23BE38970034F54B /* ACM.m in Sources */,
				63B357B323C5E6AE0034F54B /* DialAction.m in Sources */,
				63A24F7323CD634400D2ADC4 /* AudioStreamMgr.m in Sources */,
				63B3579723C469400034F54B /* ActionManager.m in Sources */,
				630F77D923D545A90071DF9F /* AuditTask.m in Sources */,
				6349E8EB23D157B4009EEE99 /* TtsManager.m in Sources */,
				63B3572E23BF24920034F54B /* RtcManager.m in Sources */,
				63B0C3DC23FD2957002C53F0 /* VoiceConfig.m in Sources */,
				63B357C223C6D89C0034F54B /* CallManager.m in Sources */,
			);
			runOnlyForDeploymentPostprocessing = 0;
		};
		63B3565623BDE3900034F54B /* Sources */ = {
			isa = PBXSourcesBuildPhase;
			buildActionMask = 2147483647;
			files = (
				63B3566023BDE3900034F54B /* ACMTests.m in Sources */,
			);
			runOnlyForDeploymentPostprocessing = 0;
		};
/* End PBXSourcesBuildPhase section */

/* Begin PBXTargetDependency section */
		63B3565D23BDE3900034F54B /* PBXTargetDependency */ = {
			isa = PBXTargetDependency;
			target = 63B3565023BDE3900034F54B /* ACM */;
			targetProxy = 63B3565C23BDE3900034F54B /* PBXContainerItemProxy */;
		};
/* End PBXTargetDependency section */

/* Begin XCBuildConfiguration section */
		63B3566323BDE3900034F54B /* Debug */ = {
			isa = XCBuildConfiguration;
			buildSettings = {
				ALWAYS_SEARCH_USER_PATHS = NO;
				CLANG_ANALYZER_NONNULL = YES;
				CLANG_ANALYZER_NUMBER_OBJECT_CONVERSION = YES_AGGRESSIVE;
				CLANG_CXX_LANGUAGE_STANDARD = "gnu++14";
				CLANG_CXX_LIBRARY = "libc++";
				CLANG_ENABLE_MODULES = YES;
				CLANG_ENABLE_OBJC_ARC = YES;
				CLANG_ENABLE_OBJC_WEAK = YES;
				CLANG_WARN_BLOCK_CAPTURE_AUTORELEASING = YES;
				CLANG_WARN_BOOL_CONVERSION = YES;
				CLANG_WARN_COMMA = YES;
				CLANG_WARN_CONSTANT_CONVERSION = YES;
				CLANG_WARN_DEPRECATED_OBJC_IMPLEMENTATIONS = YES;
				CLANG_WARN_DIRECT_OBJC_ISA_USAGE = YES_ERROR;
				CLANG_WARN_DOCUMENTATION_COMMENTS = YES;
				CLANG_WARN_EMPTY_BODY = YES;
				CLANG_WARN_ENUM_CONVERSION = YES;
				CLANG_WARN_INFINITE_RECURSION = YES;
				CLANG_WARN_INT_CONVERSION = YES;
				CLANG_WARN_NON_LITERAL_NULL_CONVERSION = YES;
				CLANG_WARN_OBJC_IMPLICIT_RETAIN_SELF = YES;
				CLANG_WARN_OBJC_LITERAL_CONVERSION = YES;
				CLANG_WARN_OBJC_ROOT_CLASS = YES_ERROR;
				CLANG_WARN_RANGE_LOOP_ANALYSIS = YES;
				CLANG_WARN_STRICT_PROTOTYPES = YES;
				CLANG_WARN_SUSPICIOUS_MOVE = YES;
				CLANG_WARN_UNGUARDED_AVAILABILITY = YES_AGGRESSIVE;
				CLANG_WARN_UNREACHABLE_CODE = YES;
				CLANG_WARN__DUPLICATE_METHOD_MATCH = YES;
				CODE_SIGN_IDENTITY = "iPhone Developer";
				COPY_PHASE_STRIP = NO;
				CURRENT_PROJECT_VERSION = 1;
				DEBUG_INFORMATION_FORMAT = dwarf;
				ENABLE_STRICT_OBJC_MSGSEND = YES;
				ENABLE_TESTABILITY = YES;
				GCC_C_LANGUAGE_STANDARD = gnu11;
				GCC_DYNAMIC_NO_PIC = NO;
				GCC_NO_COMMON_BLOCKS = YES;
				GCC_OPTIMIZATION_LEVEL = 0;
				GCC_PREPROCESSOR_DEFINITIONS = (
					"DEBUG=1",
					"$(inherited)",
				);
				GCC_WARN_64_TO_32_BIT_CONVERSION = YES;
				GCC_WARN_ABOUT_RETURN_TYPE = YES_ERROR;
				GCC_WARN_UNDECLARED_SELECTOR = YES;
				GCC_WARN_UNINITIALIZED_AUTOS = YES_AGGRESSIVE;
				GCC_WARN_UNUSED_FUNCTION = YES;
				GCC_WARN_UNUSED_VARIABLE = YES;
				IPHONEOS_DEPLOYMENT_TARGET = 12.2;
				MTL_ENABLE_DEBUG_INFO = INCLUDE_SOURCE;
				MTL_FAST_MATH = YES;
				ONLY_ACTIVE_ARCH = YES;
				SDKROOT = iphoneos;
				VERSIONING_SYSTEM = "apple-generic";
				VERSION_INFO_PREFIX = "";
			};
			name = Debug;
		};
		63B3566423BDE3900034F54B /* Release */ = {
			isa = XCBuildConfiguration;
			buildSettings = {
				ALWAYS_SEARCH_USER_PATHS = NO;
				CLANG_ANALYZER_NONNULL = YES;
				CLANG_ANALYZER_NUMBER_OBJECT_CONVERSION = YES_AGGRESSIVE;
				CLANG_CXX_LANGUAGE_STANDARD = "gnu++14";
				CLANG_CXX_LIBRARY = "libc++";
				CLANG_ENABLE_MODULES = YES;
				CLANG_ENABLE_OBJC_ARC = YES;
				CLANG_ENABLE_OBJC_WEAK = YES;
				CLANG_WARN_BLOCK_CAPTURE_AUTORELEASING = YES;
				CLANG_WARN_BOOL_CONVERSION = YES;
				CLANG_WARN_COMMA = YES;
				CLANG_WARN_CONSTANT_CONVERSION = YES;
				CLANG_WARN_DEPRECATED_OBJC_IMPLEMENTATIONS = YES;
				CLANG_WARN_DIRECT_OBJC_ISA_USAGE = YES_ERROR;
				CLANG_WARN_DOCUMENTATION_COMMENTS = YES;
				CLANG_WARN_EMPTY_BODY = YES;
				CLANG_WARN_ENUM_CONVERSION = YES;
				CLANG_WARN_INFINITE_RECURSION = YES;
				CLANG_WARN_INT_CONVERSION = YES;
				CLANG_WARN_NON_LITERAL_NULL_CONVERSION = YES;
				CLANG_WARN_OBJC_IMPLICIT_RETAIN_SELF = YES;
				CLANG_WARN_OBJC_LITERAL_CONVERSION = YES;
				CLANG_WARN_OBJC_ROOT_CLASS = YES_ERROR;
				CLANG_WARN_RANGE_LOOP_ANALYSIS = YES;
				CLANG_WARN_STRICT_PROTOTYPES = YES;
				CLANG_WARN_SUSPICIOUS_MOVE = YES;
				CLANG_WARN_UNGUARDED_AVAILABILITY = YES_AGGRESSIVE;
				CLANG_WARN_UNREACHABLE_CODE = YES;
				CLANG_WARN__DUPLICATE_METHOD_MATCH = YES;
				CODE_SIGN_IDENTITY = "iPhone Developer";
				COPY_PHASE_STRIP = NO;
				CURRENT_PROJECT_VERSION = 1;
				DEBUG_INFORMATION_FORMAT = "dwarf-with-dsym";
				ENABLE_NS_ASSERTIONS = NO;
				ENABLE_STRICT_OBJC_MSGSEND = YES;
				GCC_C_LANGUAGE_STANDARD = gnu11;
				GCC_NO_COMMON_BLOCKS = YES;
				GCC_WARN_64_TO_32_BIT_CONVERSION = YES;
				GCC_WARN_ABOUT_RETURN_TYPE = YES_ERROR;
				GCC_WARN_UNDECLARED_SELECTOR = YES;
				GCC_WARN_UNINITIALIZED_AUTOS = YES_AGGRESSIVE;
				GCC_WARN_UNUSED_FUNCTION = YES;
				GCC_WARN_UNUSED_VARIABLE = YES;
				IPHONEOS_DEPLOYMENT_TARGET = 12.2;
				MTL_ENABLE_DEBUG_INFO = NO;
				MTL_FAST_MATH = YES;
				SDKROOT = iphoneos;
				VALIDATE_PRODUCT = YES;
				VERSIONING_SYSTEM = "apple-generic";
				VERSION_INFO_PREFIX = "";
			};
			name = Release;
		};
		63B3566623BDE3900034F54B /* Debug */ = {
			isa = XCBuildConfiguration;
			buildSettings = {
				CODE_SIGN_IDENTITY = "iPhone Developer";
				CODE_SIGN_STYLE = Automatic;
				DEFINES_MODULE = YES;
				DEVELOPMENT_TEAM = GG66DGXQ52;
				DYLIB_COMPATIBILITY_VERSION = 1;
				DYLIB_CURRENT_VERSION = 1;
				DYLIB_INSTALL_NAME_BASE = "@rpath";
				FRAMEWORK_SEARCH_PATHS = /works/outsources/liuzheng/voiceprjs/agsdks/libs;
				INFOPLIST_FILE = ACM/Info.plist;
				INSTALL_PATH = "$(LOCAL_LIBRARY_DIR)/Frameworks";
				LD_RUNPATH_SEARCH_PATHS = (
					"$(inherited)",
					"@executable_path/Frameworks",
					"@loader_path/Frameworks",
				);
				MACH_O_TYPE = staticlib;
				ONLY_ACTIVE_ARCH = NO;
				PRODUCT_BUNDLE_IDENTIFIER = genetek.com.ACM;
				PRODUCT_NAME = "$(TARGET_NAME:c99extidentifier)";
				SKIP_INSTALL = YES;
				TARGETED_DEVICE_FAMILY = "1,2";
				VALID_ARCHS = "arm64 arm64e armv7 armv7s x86_64";
			};
			name = Debug;
		};
		63B3566723BDE3900034F54B /* Release */ = {
			isa = XCBuildConfiguration;
			buildSettings = {
				CODE_SIGN_IDENTITY = "";
				CODE_SIGN_STYLE = Automatic;
				DEFINES_MODULE = YES;
				DEVELOPMENT_TEAM = GG66DGXQ52;
				DYLIB_COMPATIBILITY_VERSION = 1;
				DYLIB_CURRENT_VERSION = 1;
				DYLIB_INSTALL_NAME_BASE = "@rpath";
				FRAMEWORK_SEARCH_PATHS = /works/outsources/liuzheng/voiceprjs/agsdks/libs;
				INFOPLIST_FILE = ACM/Info.plist;
				INSTALL_PATH = "$(LOCAL_LIBRARY_DIR)/Frameworks";
				LD_RUNPATH_SEARCH_PATHS = (
					"$(inherited)",
					"@executable_path/Frameworks",
					"@loader_path/Frameworks",
				);
				MACH_O_TYPE = staticlib;
				ONLY_ACTIVE_ARCH = NO;
				PRODUCT_BUNDLE_IDENTIFIER = genetek.com.ACM;
				PRODUCT_NAME = "$(TARGET_NAME:c99extidentifier)";
				SKIP_INSTALL = YES;
				TARGETED_DEVICE_FAMILY = "1,2";
				VALID_ARCHS = "arm64 arm64e armv7 armv7s x86_64";
			};
			name = Release;
		};
		63B3566923BDE3900034F54B /* Debug */ = {
			isa = XCBuildConfiguration;
			buildSettings = {
				CODE_SIGN_STYLE = Automatic;
				INFOPLIST_FILE = ACMTests/Info.plist;
				LD_RUNPATH_SEARCH_PATHS = (
					"$(inherited)",
					"@executable_path/Frameworks",
					"@loader_path/Frameworks",
				);
				PRODUCT_BUNDLE_IDENTIFIER = genetek.com.ACMTests;
				PRODUCT_NAME = "$(TARGET_NAME)";
				TARGETED_DEVICE_FAMILY = "1,2";
			};
			name = Debug;
		};
		63B3566A23BDE3900034F54B /* Release */ = {
			isa = XCBuildConfiguration;
			buildSettings = {
				CODE_SIGN_STYLE = Automatic;
				INFOPLIST_FILE = ACMTests/Info.plist;
				LD_RUNPATH_SEARCH_PATHS = (
					"$(inherited)",
					"@executable_path/Frameworks",
					"@loader_path/Frameworks",
				);
				PRODUCT_BUNDLE_IDENTIFIER = genetek.com.ACMTests;
				PRODUCT_NAME = "$(TARGET_NAME)";
				TARGETED_DEVICE_FAMILY = "1,2";
			};
			name = Release;
		};
/* End XCBuildConfiguration section */

/* Begin XCConfigurationList section */
		63B3564B23BDE3900034F54B /* Build configuration list for PBXProject "ACM" */ = {
			isa = XCConfigurationList;
			buildConfigurations = (
				63B3566323BDE3900034F54B /* Debug */,
				63B3566423BDE3900034F54B /* Release */,
			);
			defaultConfigurationIsVisible = 0;
			defaultConfigurationName = Release;
		};
		63B3566523BDE3900034F54B /* Build configuration list for PBXNativeTarget "ACM" */ = {
			isa = XCConfigurationList;
			buildConfigurations = (
				63B3566623BDE3900034F54B /* Debug */,
				63B3566723BDE3900034F54B /* Release */,
			);
			defaultConfigurationIsVisible = 0;
			defaultConfigurationName = Release;
		};
		63B3566823BDE3900034F54B /* Build configuration list for PBXNativeTarget "ACMTests" */ = {
			isa = XCConfigurationList;
			buildConfigurations = (
				63B3566923BDE3900034F54B /* Debug */,
				63B3566A23BDE3900034F54B /* Release */,
			);
			defaultConfigurationIsVisible = 0;
			defaultConfigurationName = Release;
		};
/* End XCConfigurationList section */
	};
	rootObject = 63B3564823BDE3900034F54B /* Project object */;
}
